// !$*UTF8*$!
{
	archiveVersion = 1;
	classes = {
	};
	objectVersion = 46;
	objects = {

/* Begin PBXBuildFile section */
		3104433B194ADE6200A2AAB9 /* WBaseTableViewCell.m in Sources */ = {isa = PBXBuildFile; fileRef = 3104433A194ADE6200A2AAB9 /* WBaseTableViewCell.m */; };
		31064F721945429000AD8C55 /* LoginViewController.m in Sources */ = {isa = PBXBuildFile; fileRef = 31064F711945429000AD8C55 /* LoginViewController.m */; };
		31064F74194542F200AD8C55 /* functionViewController.json in Resources */ = {isa = PBXBuildFile; fileRef = 31064F73194542F200AD8C55 /* functionViewController.json */; };
		31064F761945431F00AD8C55 /* LoginViewController.json in Resources */ = {isa = PBXBuildFile; fileRef = 31064F751945431F00AD8C55 /* LoginViewController.json */; };
		31064F781945433C00AD8C55 /* usersViewController.json in Resources */ = {isa = PBXBuildFile; fileRef = 31064F771945433C00AD8C55 /* usersViewController.json */; };
		31064F7D19454E8100AD8C55 /* password_icon.png in Resources */ = {isa = PBXBuildFile; fileRef = 31064F7919454E8100AD8C55 /* password_icon.png */; };
		31064F7E19454E8100AD8C55 /* password_icon@2x.png in Resources */ = {isa = PBXBuildFile; fileRef = 31064F7A19454E8100AD8C55 /* password_icon@2x.png */; };
		31064F7F19454E8100AD8C55 /* user_name_icon.png in Resources */ = {isa = PBXBuildFile; fileRef = 31064F7B19454E8100AD8C55 /* user_name_icon.png */; };
		31064F8019454E8100AD8C55 /* user_name_icon@2x.png in Resources */ = {isa = PBXBuildFile; fileRef = 31064F7C19454E8100AD8C55 /* user_name_icon@2x.png */; };
		310A7D6219419AA1000D8AD8 /* CommonDataClass.m in Sources */ = {isa = PBXBuildFile; fileRef = 310A7D6119419AA1000D8AD8 /* CommonDataClass.m */; };
		311A33B5194A984F003A5D26 /* AFHTTPRequestOperation.m in Sources */ = {isa = PBXBuildFile; fileRef = 311A33A3194A984F003A5D26 /* AFHTTPRequestOperation.m */; };
		311A33B6194A984F003A5D26 /* AFHTTPRequestOperationManager.m in Sources */ = {isa = PBXBuildFile; fileRef = 311A33A5194A984F003A5D26 /* AFHTTPRequestOperationManager.m */; };
		311A33B7194A984F003A5D26 /* AFHTTPSessionManager.m in Sources */ = {isa = PBXBuildFile; fileRef = 311A33A7194A984F003A5D26 /* AFHTTPSessionManager.m */; };
		311A33B8194A984F003A5D26 /* AFNetworkReachabilityManager.m in Sources */ = {isa = PBXBuildFile; fileRef = 311A33AA194A984F003A5D26 /* AFNetworkReachabilityManager.m */; };
		311A33B9194A984F003A5D26 /* AFSecurityPolicy.m in Sources */ = {isa = PBXBuildFile; fileRef = 311A33AC194A984F003A5D26 /* AFSecurityPolicy.m */; };
		311A33BA194A984F003A5D26 /* AFURLConnectionOperation.m in Sources */ = {isa = PBXBuildFile; fileRef = 311A33AE194A984F003A5D26 /* AFURLConnectionOperation.m */; };
		311A33BB194A984F003A5D26 /* AFURLRequestSerialization.m in Sources */ = {isa = PBXBuildFile; fileRef = 311A33B0194A984F003A5D26 /* AFURLRequestSerialization.m */; };
		311A33BC194A984F003A5D26 /* AFURLResponseSerialization.m in Sources */ = {isa = PBXBuildFile; fileRef = 311A33B2194A984F003A5D26 /* AFURLResponseSerialization.m */; };
		311A33BD194A984F003A5D26 /* AFURLSessionManager.m in Sources */ = {isa = PBXBuildFile; fileRef = 311A33B4194A984F003A5D26 /* AFURLSessionManager.m */; };
		311B95B0194FCF9B0063559F /* TestM1ViewController.m in Sources */ = {isa = PBXBuildFile; fileRef = 311B95AF194FCF9B0063559F /* TestM1ViewController.m */; };
		311B95B2194FD00E0063559F /* textM1ViewController.json in Resources */ = {isa = PBXBuildFile; fileRef = 311B95B1194FD00E0063559F /* textM1ViewController.json */; };
		3122915A194065E900E81937 /* Foundation.framework in Frameworks */ = {isa = PBXBuildFile; fileRef = 31229159194065E900E81937 /* Foundation.framework */; };
		3122915C194065E900E81937 /* CoreGraphics.framework in Frameworks */ = {isa = PBXBuildFile; fileRef = 3122915B194065E900E81937 /* CoreGraphics.framework */; };
		3122915E194065E900E81937 /* UIKit.framework in Frameworks */ = {isa = PBXBuildFile; fileRef = 3122915D194065E900E81937 /* UIKit.framework */; };
		31229164194065E900E81937 /* InfoPlist.strings in Resources */ = {isa = PBXBuildFile; fileRef = 31229162194065E900E81937 /* InfoPlist.strings */; };
		31229166194065E900E81937 /* main.m in Sources */ = {isa = PBXBuildFile; fileRef = 31229165194065E900E81937 /* main.m */; };
		3122916A194065E900E81937 /* AppDelegate.m in Sources */ = {isa = PBXBuildFile; fileRef = 31229169194065E900E81937 /* AppDelegate.m */; };
		3122916C194065E900E81937 /* Images.xcassets in Resources */ = {isa = PBXBuildFile; fileRef = 3122916B194065E900E81937 /* Images.xcassets */; };
		31229173194065E900E81937 /* XCTest.framework in Frameworks */ = {isa = PBXBuildFile; fileRef = 31229172194065E900E81937 /* XCTest.framework */; };
		31229174194065E900E81937 /* Foundation.framework in Frameworks */ = {isa = PBXBuildFile; fileRef = 31229159194065E900E81937 /* Foundation.framework */; };
		31229175194065E900E81937 /* UIKit.framework in Frameworks */ = {isa = PBXBuildFile; fileRef = 3122915D194065E900E81937 /* UIKit.framework */; };
		3122917D194065E900E81937 /* InfoPlist.strings in Resources */ = {isa = PBXBuildFile; fileRef = 3122917B194065E900E81937 /* InfoPlist.strings */; };
		3122917F194065E900E81937 /* ShareTimesTests.m in Sources */ = {isa = PBXBuildFile; fileRef = 3122917E194065E900E81937 /* ShareTimesTests.m */; };
		3122920A1940679600E81937 /* CountString.m in Sources */ = {isa = PBXBuildFile; fileRef = 3122918A1940679500E81937 /* CountString.m */; };
		3122920B1940679600E81937 /* HandlesClickAction.m in Sources */ = {isa = PBXBuildFile; fileRef = 3122918C1940679500E81937 /* HandlesClickAction.m */; };
		3122920C1940679600E81937 /* NSObject+moreMethords.m in Sources */ = {isa = PBXBuildFile; fileRef = 3122918F1940679500E81937 /* NSObject+moreMethords.m */; };
		3122920D1940679600E81937 /* UIImage+Additions.m in Sources */ = {isa = PBXBuildFile; fileRef = 312291911940679500E81937 /* UIImage+Additions.m */; };
		3122920E1940679600E81937 /* wDynamicLayout.m in Sources */ = {isa = PBXBuildFile; fileRef = 312291931940679500E81937 /* wDynamicLayout.m */; };
		3122920F1940679600E81937 /* baseViewController.json in Resources */ = {isa = PBXBuildFile; fileRef = 312291941940679500E81937 /* baseViewController.json */; };
		312292101940679600E81937 /* ButtonOfMapper.m in Sources */ = {isa = PBXBuildFile; fileRef = 312291971940679600E81937 /* ButtonOfMapper.m */; };
		312292111940679600E81937 /* customButton.m in Sources */ = {isa = PBXBuildFile; fileRef = 312291991940679600E81937 /* customButton.m */; };
		312292121940679600E81937 /* GridHeaderView.m in Sources */ = {isa = PBXBuildFile; fileRef = 3122919C1940679600E81937 /* GridHeaderView.m */; };
		312292131940679600E81937 /* GridMainTableView.m in Sources */ = {isa = PBXBuildFile; fileRef = 3122919E1940679600E81937 /* GridMainTableView.m */; };
		312292141940679600E81937 /* LabelForLeftView.m in Sources */ = {isa = PBXBuildFile; fileRef = 312291A01940679600E81937 /* LabelForLeftView.m */; };
		312292151940679600E81937 /* LeftTitleView.m in Sources */ = {isa = PBXBuildFile; fileRef = 312291A21940679600E81937 /* LeftTitleView.m */; };
		312292161940679600E81937 /* ModleForHeader.m in Sources */ = {isa = PBXBuildFile; fileRef = 312291A41940679600E81937 /* ModleForHeader.m */; };
		312292171940679600E81937 /* ModleForLeftTitleVIew.m in Sources */ = {isa = PBXBuildFile; fileRef = 312291A61940679600E81937 /* ModleForLeftTitleVIew.m */; };
		312292181940679600E81937 /* MyTableViewCell.m in Sources */ = {isa = PBXBuildFile; fileRef = 312291A81940679600E81937 /* MyTableViewCell.m */; };
		312292191940679600E81937 /* ViewCellForLeftView.m in Sources */ = {isa = PBXBuildFile; fileRef = 312291AA1940679600E81937 /* ViewCellForLeftView.m */; };
		3122921A1940679600E81937 /* CImageVIew.m in Sources */ = {isa = PBXBuildFile; fileRef = 312291AD1940679600E81937 /* CImageVIew.m */; };
		3122921B1940679600E81937 /* ImageViewOfMapper.m in Sources */ = {isa = PBXBuildFile; fileRef = 312291AF1940679600E81937 /* ImageViewOfMapper.m */; };
		3122921C1940679600E81937 /* CustomLabel.m in Sources */ = {isa = PBXBuildFile; fileRef = 312291B21940679600E81937 /* CustomLabel.m */; };
		3122921D1940679600E81937 /* LabelOfMapper.m in Sources */ = {isa = PBXBuildFile; fileRef = 312291B41940679600E81937 /* LabelOfMapper.m */; };
		3122921E1940679600E81937 /* button_back_bg@2x.png in Resources */ = {isa = PBXBuildFile; fileRef = 312291B91940679600E81937 /* button_back_bg@2x.png */; };
		3122921F1940679600E81937 /* button_back_bg_highlight@2x.png in Resources */ = {isa = PBXBuildFile; fileRef = 312291BA1940679600E81937 /* button_back_bg_highlight@2x.png */; };
		312292201940679600E81937 /* register_btn@2x.png in Resources */ = {isa = PBXBuildFile; fileRef = 312291BB1940679600E81937 /* register_btn@2x.png */; };
		312292211940679600E81937 /* isRead_selectedButton@2x.png in Resources */ = {isa = PBXBuildFile; fileRef = 312291BD1940679600E81937 /* isRead_selectedButton@2x.png */; };
		312292221940679600E81937 /* isRead_waiting_selectButton@2x.png in Resources */ = {isa = PBXBuildFile; fileRef = 312291BE1940679600E81937 /* isRead_waiting_selectButton@2x.png */; };
		312292231940679600E81937 /* mypoisition@2x.png in Resources */ = {isa = PBXBuildFile; fileRef = 312291BF1940679600E81937 /* mypoisition@2x.png */; };
		312292241940679600E81937 /* register_email@2x.png in Resources */ = {isa = PBXBuildFile; fileRef = 312291C01940679600E81937 /* register_email@2x.png */; };
		312292251940679600E81937 /* register_lbs@2x.png in Resources */ = {isa = PBXBuildFile; fileRef = 312291C11940679600E81937 /* register_lbs@2x.png */; };
		312292261940679600E81937 /* register_password@2x.png in Resources */ = {isa = PBXBuildFile; fileRef = 312291C21940679600E81937 /* register_password@2x.png */; };
		312292271940679600E81937 /* register_recommand_people@2x.png in Resources */ = {isa = PBXBuildFile; fileRef = 312291C31940679600E81937 /* register_recommand_people@2x.png */; };
		312292281940679600E81937 /* register_user@2x.png in Resources */ = {isa = PBXBuildFile; fileRef = 312291C41940679600E81937 /* register_user@2x.png */; };
		312292291940679600E81937 /* backgroundNavbar_ios6@2x.png in Resources */ = {isa = PBXBuildFile; fileRef = 312291C61940679600E81937 /* backgroundNavbar_ios6@2x.png */; };
		3122922A1940679600E81937 /* backgroundNavbar_ios7@2x.png in Resources */ = {isa = PBXBuildFile; fileRef = 312291C71940679600E81937 /* backgroundNavbar_ios7@2x.png */; };
		3122922B1940679600E81937 /* TopNavBar.m in Sources */ = {isa = PBXBuildFile; fileRef = 312291CA1940679600E81937 /* TopNavBar.m */; };
		3122922C1940679600E81937 /* Utils.m in Sources */ = {isa = PBXBuildFile; fileRef = 312291CD1940679600E81937 /* Utils.m */; };
		3122922D1940679600E81937 /* CpageControl.m in Sources */ = {isa = PBXBuildFile; fileRef = 312291D01940679600E81937 /* CpageControl.m */; };
		3122922E1940679600E81937 /* PageControlOfMapper.m in Sources */ = {isa = PBXBuildFile; fileRef = 312291D21940679600E81937 /* PageControlOfMapper.m */; };
		3122922F1940679600E81937 /* image.bundle in Resources */ = {isa = PBXBuildFile; fileRef = 312291D51940679600E81937 /* image.bundle */; };
		312292301940679600E81937 /* RefreshFooterView.m in Sources */ = {isa = PBXBuildFile; fileRef = 312291D71940679600E81937 /* RefreshFooterView.m */; };
		312292311940679600E81937 /* RefreshHeaderView.m in Sources */ = {isa = PBXBuildFile; fileRef = 312291D91940679600E81937 /* RefreshHeaderView.m */; };
		312292321940679600E81937 /* WZRefreshBaseView.m in Sources */ = {isa = PBXBuildFile; fileRef = 312291DB1940679600E81937 /* WZRefreshBaseView.m */; };
		312292331940679600E81937 /* WZRefrshConst.m in Sources */ = {isa = PBXBuildFile; fileRef = 312291DD1940679600E81937 /* WZRefrshConst.m */; };
		312292341940679600E81937 /* CustomScrollerView.m in Sources */ = {isa = PBXBuildFile; fileRef = 312291E01940679600E81937 /* CustomScrollerView.m */; };
		312292351940679600E81937 /* ScrollerViewOfMapper.m in Sources */ = {isa = PBXBuildFile; fileRef = 312291E21940679600E81937 /* ScrollerViewOfMapper.m */; };
		312292361940679600E81937 /* CustomSegmetnControl.m in Sources */ = {isa = PBXBuildFile; fileRef = 312291E51940679600E81937 /* CustomSegmetnControl.m */; };
		312292371940679600E81937 /* SegmentOfMapper.m in Sources */ = {isa = PBXBuildFile; fileRef = 312291E71940679600E81937 /* SegmentOfMapper.m */; };
		312292381940679600E81937 /* CustomSlider.m in Sources */ = {isa = PBXBuildFile; fileRef = 312291EA1940679600E81937 /* CustomSlider.m */; };
		312292391940679600E81937 /* SliderOfMapper.m in Sources */ = {isa = PBXBuildFile; fileRef = 312291EC1940679600E81937 /* SliderOfMapper.m */; };
		3122923A1940679600E81937 /* CustomSwitch.m in Sources */ = {isa = PBXBuildFile; fileRef = 312291EF1940679600E81937 /* CustomSwitch.m */; };
		3122923B1940679600E81937 /* SwitchOfMapper.m in Sources */ = {isa = PBXBuildFile; fileRef = 312291F11940679600E81937 /* SwitchOfMapper.m */; };
		3122923C1940679600E81937 /* TableOfMapper.m in Sources */ = {isa = PBXBuildFile; fileRef = 312291F51940679600E81937 /* TableOfMapper.m */; };
		3122923D1940679600E81937 /* BaseCellMember.m in Sources */ = {isa = PBXBuildFile; fileRef = 312291F81940679600E81937 /* BaseCellMember.m */; };
		3122923E1940679600E81937 /* FirstCellMember.m in Sources */ = {isa = PBXBuildFile; fileRef = 312291FA1940679600E81937 /* FirstCellMember.m */; };
		3122923F1940679600E81937 /* WCustomTableView.m in Sources */ = {isa = PBXBuildFile; fileRef = 312291FD1940679600E81937 /* WCustomTableView.m */; };
		312292401940679600E81937 /* WFirstCustomCell.m in Sources */ = {isa = PBXBuildFile; fileRef = 312291FF1940679600E81937 /* WFirstCustomCell.m */; };
		312292411940679600E81937 /* CustomTextField.m in Sources */ = {isa = PBXBuildFile; fileRef = 312292021940679600E81937 /* CustomTextField.m */; };
		312292421940679600E81937 /* TextFieldOfMapper.m in Sources */ = {isa = PBXBuildFile; fileRef = 312292041940679600E81937 /* TextFieldOfMapper.m */; };
		312292431940679600E81937 /* CustomView.m in Sources */ = {isa = PBXBuildFile; fileRef = 312292071940679600E81937 /* CustomView.m */; };
		312292441940679600E81937 /* CustomViewOfMapper.m in Sources */ = {isa = PBXBuildFile; fileRef = 312292091940679600E81937 /* CustomViewOfMapper.m */; };
		31229248194068B300E81937 /* WidgetSettingForLayout.m in Sources */ = {isa = PBXBuildFile; fileRef = 31229247194068B300E81937 /* WidgetSettingForLayout.m */; };
		3122924E19406B4F00E81937 /* MainViewController.m in Sources */ = {isa = PBXBuildFile; fileRef = 3122924D19406B4F00E81937 /* MainViewController.m */; };
		312817151941560C00BED569 /* RegisterViewController.m in Sources */ = {isa = PBXBuildFile; fileRef = 312817141941560C00BED569 /* RegisterViewController.m */; };
		31281718194165A600BED569 /* TabBarViewController.m in Sources */ = {isa = PBXBuildFile; fileRef = 31281717194165A600BED569 /* TabBarViewController.m */; };
		3128171B194165F400BED569 /* FunctionViewController.m in Sources */ = {isa = PBXBuildFile; fileRef = 3128171A194165F400BED569 /* FunctionViewController.m */; };
		3128171E1941660A00BED569 /* UsersViewController.m in Sources */ = {isa = PBXBuildFile; fileRef = 3128171D1941660A00BED569 /* UsersViewController.m */; };
		312817201941687100BED569 /* MainController.json in Resources */ = {isa = PBXBuildFile; fileRef = 3128171F1941687100BED569 /* MainController.json */; };
		3128173F194169A000BED569 /* 1.png in Resources */ = {isa = PBXBuildFile; fileRef = 31281722194169A000BED569 /* 1.png */; };
		31281740194169A000BED569 /* 2.png in Resources */ = {isa = PBXBuildFile; fileRef = 31281723194169A000BED569 /* 2.png */; };
		31281741194169A000BED569 /* 3.png in Resources */ = {isa = PBXBuildFile; fileRef = 31281724194169A000BED569 /* 3.png */; };
		31281742194169A000BED569 /* 4.png in Resources */ = {isa = PBXBuildFile; fileRef = 31281725194169A000BED569 /* 4.png */; };
		31281743194169A000BED569 /* 5.png in Resources */ = {isa = PBXBuildFile; fileRef = 31281726194169A000BED569 /* 5.png */; };
		31281744194169A000BED569 /* 6.png in Resources */ = {isa = PBXBuildFile; fileRef = 31281727194169A000BED569 /* 6.png */; };
		31281745194169A000BED569 /* 7.png in Resources */ = {isa = PBXBuildFile; fileRef = 31281728194169A000BED569 /* 7.png */; };
		31281746194169A000BED569 /* 8.png in Resources */ = {isa = PBXBuildFile; fileRef = 31281729194169A000BED569 /* 8.png */; };
		31281747194169A000BED569 /* 9.png in Resources */ = {isa = PBXBuildFile; fileRef = 3128172A194169A000BED569 /* 9.png */; };
		31281748194169A000BED569 /* Default-568h@2x.png in Resources */ = {isa = PBXBuildFile; fileRef = 3128172B194169A000BED569 /* Default-568h@2x.png */; };
		31281749194169A000BED569 /* Default.png in Resources */ = {isa = PBXBuildFile; fileRef = 3128172C194169A000BED569 /* Default.png */; };
		3128174A194169A000BED569 /* Default@2x.png in Resources */ = {isa = PBXBuildFile; fileRef = 3128172D194169A000BED569 /* Default@2x.png */; };
		3128174B194169A000BED569 /* heart_fill_16x14.png in Resources */ = {isa = PBXBuildFile; fileRef = 3128172E194169A000BED569 /* heart_fill_16x14.png */; };
		3128174C194169A000BED569 /* heart_fill_32x38.png in Resources */ = {isa = PBXBuildFile; fileRef = 3128172F194169A000BED569 /* heart_fill_32x38.png */; };
		3128174D194169A000BED569 /* heart_stroke_16x14.png in Resources */ = {isa = PBXBuildFile; fileRef = 31281730194169A000BED569 /* heart_stroke_16x14.png */; };
		3128174E194169A000BED569 /* heart_stroke_24x21.png in Resources */ = {isa = PBXBuildFile; fileRef = 31281731194169A000BED569 /* heart_stroke_24x21.png */; };
		3128174F194169A000BED569 /* home_16x16.png in Resources */ = {isa = PBXBuildFile; fileRef = 31281732194169A000BED569 /* home_16x16.png */; };
		31281750194169A000BED569 /* home_24x24.png in Resources */ = {isa = PBXBuildFile; fileRef = 31281733194169A000BED569 /* home_24x24.png */; };
		31281751194169A000BED569 /* home_32x32.png in Resources */ = {isa = PBXBuildFile; fileRef = 31281734194169A000BED569 /* home_32x32.png */; };
		31281752194169A000BED569 /* magnifying_glass_16x16.png in Resources */ = {isa = PBXBuildFile; fileRef = 31281735194169A000BED569 /* magnifying_glass_16x16.png */; };
		31281753194169A000BED569 /* magnifying_glass_24x24.png in Resources */ = {isa = PBXBuildFile; fileRef = 31281736194169A000BED569 /* magnifying_glass_24x24.png */; };
		31281754194169A000BED569 /* magnifying_glass_alt_32x32.png in Resources */ = {isa = PBXBuildFile; fileRef = 31281737194169A000BED569 /* magnifying_glass_alt_32x32.png */; };
		31281755194169A000BED569 /* mail_16x12.png in Resources */ = {isa = PBXBuildFile; fileRef = 31281738194169A000BED569 /* mail_16x12.png */; };
		31281756194169A000BED569 /* mail_24x18.png in Resources */ = {isa = PBXBuildFile; fileRef = 31281739194169A000BED569 /* mail_24x18.png */; };
		31281757194169A000BED569 /* mail_32x24.png in Resources */ = {isa = PBXBuildFile; fileRef = 3128173A194169A000BED569 /* mail_32x24.png */; };
		31281758194169A000BED569 /* user_12x16.png in Resources */ = {isa = PBXBuildFile; fileRef = 3128173B194169A000BED569 /* user_12x16.png */; };
		31281759194169A000BED569 /* user_18x24.png in Resources */ = {isa = PBXBuildFile; fileRef = 3128173C194169A000BED569 /* user_18x24.png */; };
		3128175A194169A000BED569 /* user_24x32.png in Resources */ = {isa = PBXBuildFile; fileRef = 3128173D194169A000BED569 /* user_24x32.png */; };
		3128175B194169A000BED569 /* x_alt_32x32.png in Resources */ = {isa = PBXBuildFile; fileRef = 3128173E194169A000BED569 /* x_alt_32x32.png */; };
		31C2AEC51946B022008D96B7 /* FourthViewController.m in Sources */ = {isa = PBXBuildFile; fileRef = 31C2AEC41946B022008D96B7 /* FourthViewController.m */; };
		31C2AEC71946B036008D96B7 /* fourthViewController.json in Resources */ = {isa = PBXBuildFile; fileRef = 31C2AEC61946B036008D96B7 /* fourthViewController.json */; };
/* End PBXBuildFile section */

/* Begin PBXContainerItemProxy section */
		31229176194065E900E81937 /* PBXContainerItemProxy */ = {
			isa = PBXContainerItemProxy;
			containerPortal = 3122914E194065E900E81937 /* Project object */;
			proxyType = 1;
			remoteGlobalIDString = 31229155194065E900E81937;
			remoteInfo = ShareTimes;
		};
/* End PBXContainerItemProxy section */

/* Begin PBXFileReference section */
		31044339194ADE6200A2AAB9 /* WBaseTableViewCell.h */ = {isa = PBXFileReference; fileEncoding = 4; lastKnownFileType = sourcecode.c.h; path = WBaseTableViewCell.h; sourceTree = "<group>"; };
		3104433A194ADE6200A2AAB9 /* WBaseTableViewCell.m */ = {isa = PBXFileReference; fileEncoding = 4; lastKnownFileType = sourcecode.c.objc; path = WBaseTableViewCell.m; sourceTree = "<group>"; };
		31064F701945429000AD8C55 /* LoginViewController.h */ = {isa = PBXFileReference; fileEncoding = 4; lastKnownFileType = sourcecode.c.h; path = LoginViewController.h; sourceTree = "<group>"; };
		31064F711945429000AD8C55 /* LoginViewController.m */ = {isa = PBXFileReference; fileEncoding = 4; lastKnownFileType = sourcecode.c.objc; path = LoginViewController.m; sourceTree = "<group>"; };
		31064F73194542F200AD8C55 /* functionViewController.json */ = {isa = PBXFileReference; fileEncoding = 4; lastKnownFileType = text.json; path = functionViewController.json; sourceTree = "<group>"; };
		31064F751945431F00AD8C55 /* LoginViewController.json */ = {isa = PBXFileReference; fileEncoding = 4; lastKnownFileType = text.json; path = LoginViewController.json; sourceTree = "<group>"; };
		31064F771945433C00AD8C55 /* usersViewController.json */ = {isa = PBXFileReference; fileEncoding = 4; lastKnownFileType = text.json; path = usersViewController.json; sourceTree = "<group>"; };
		31064F7919454E8100AD8C55 /* password_icon.png */ = {isa = PBXFileReference; lastKnownFileType = image.png; path = password_icon.png; sourceTree = "<group>"; };
		31064F7A19454E8100AD8C55 /* password_icon@2x.png */ = {isa = PBXFileReference; lastKnownFileType = image.png; path = "password_icon@2x.png"; sourceTree = "<group>"; };
		31064F7B19454E8100AD8C55 /* user_name_icon.png */ = {isa = PBXFileReference; lastKnownFileType = image.png; path = user_name_icon.png; sourceTree = "<group>"; };
		31064F7C19454E8100AD8C55 /* user_name_icon@2x.png */ = {isa = PBXFileReference; lastKnownFileType = image.png; path = "user_name_icon@2x.png"; sourceTree = "<group>"; };
		310A7D6019419AA1000D8AD8 /* CommonDataClass.h */ = {isa = PBXFileReference; fileEncoding = 4; lastKnownFileType = sourcecode.c.h; path = CommonDataClass.h; sourceTree = "<group>"; };
		310A7D6119419AA1000D8AD8 /* CommonDataClass.m */ = {isa = PBXFileReference; fileEncoding = 4; lastKnownFileType = sourcecode.c.objc; path = CommonDataClass.m; sourceTree = "<group>"; };
		311A33A2194A984F003A5D26 /* AFHTTPRequestOperation.h */ = {isa = PBXFileReference; fileEncoding = 4; lastKnownFileType = sourcecode.c.h; path = AFHTTPRequestOperation.h; sourceTree = "<group>"; };
		311A33A3194A984F003A5D26 /* AFHTTPRequestOperation.m */ = {isa = PBXFileReference; fileEncoding = 4; lastKnownFileType = sourcecode.c.objc; path = AFHTTPRequestOperation.m; sourceTree = "<group>"; };
		311A33A4194A984F003A5D26 /* AFHTTPRequestOperationManager.h */ = {isa = PBXFileReference; fileEncoding = 4; lastKnownFileType = sourcecode.c.h; path = AFHTTPRequestOperationManager.h; sourceTree = "<group>"; };
		311A33A5194A984F003A5D26 /* AFHTTPRequestOperationManager.m */ = {isa = PBXFileReference; fileEncoding = 4; lastKnownFileType = sourcecode.c.objc; path = AFHTTPRequestOperationManager.m; sourceTree = "<group>"; };
		311A33A6194A984F003A5D26 /* AFHTTPSessionManager.h */ = {isa = PBXFileReference; fileEncoding = 4; lastKnownFileType = sourcecode.c.h; path = AFHTTPSessionManager.h; sourceTree = "<group>"; };
		311A33A7194A984F003A5D26 /* AFHTTPSessionManager.m */ = {isa = PBXFileReference; fileEncoding = 4; lastKnownFileType = sourcecode.c.objc; path = AFHTTPSessionManager.m; sourceTree = "<group>"; };
		311A33A8194A984F003A5D26 /* AFNetworking.h */ = {isa = PBXFileReference; fileEncoding = 4; lastKnownFileType = sourcecode.c.h; path = AFNetworking.h; sourceTree = "<group>"; };
		311A33A9194A984F003A5D26 /* AFNetworkReachabilityManager.h */ = {isa = PBXFileReference; fileEncoding = 4; lastKnownFileType = sourcecode.c.h; path = AFNetworkReachabilityManager.h; sourceTree = "<group>"; };
		311A33AA194A984F003A5D26 /* AFNetworkReachabilityManager.m */ = {isa = PBXFileReference; fileEncoding = 4; lastKnownFileType = sourcecode.c.objc; path = AFNetworkReachabilityManager.m; sourceTree = "<group>"; };
		311A33AB194A984F003A5D26 /* AFSecurityPolicy.h */ = {isa = PBXFileReference; fileEncoding = 4; lastKnownFileType = sourcecode.c.h; path = AFSecurityPolicy.h; sourceTree = "<group>"; };
		311A33AC194A984F003A5D26 /* AFSecurityPolicy.m */ = {isa = PBXFileReference; fileEncoding = 4; lastKnownFileType = sourcecode.c.objc; path = AFSecurityPolicy.m; sourceTree = "<group>"; };
		311A33AD194A984F003A5D26 /* AFURLConnectionOperation.h */ = {isa = PBXFileReference; fileEncoding = 4; lastKnownFileType = sourcecode.c.h; path = AFURLConnectionOperation.h; sourceTree = "<group>"; };
		311A33AE194A984F003A5D26 /* AFURLConnectionOperation.m */ = {isa = PBXFileReference; fileEncoding = 4; lastKnownFileType = sourcecode.c.objc; path = AFURLConnectionOperation.m; sourceTree = "<group>"; };
		311A33AF194A984F003A5D26 /* AFURLRequestSerialization.h */ = {isa = PBXFileReference; fileEncoding = 4; lastKnownFileType = sourcecode.c.h; path = AFURLRequestSerialization.h; sourceTree = "<group>"; };
		311A33B0194A984F003A5D26 /* AFURLRequestSerialization.m */ = {isa = PBXFileReference; fileEncoding = 4; lastKnownFileType = sourcecode.c.objc; path = AFURLRequestSerialization.m; sourceTree = "<group>"; };
		311A33B1194A984F003A5D26 /* AFURLResponseSerialization.h */ = {isa = PBXFileReference; fileEncoding = 4; lastKnownFileType = sourcecode.c.h; path = AFURLResponseSerialization.h; sourceTree = "<group>"; };
		311A33B2194A984F003A5D26 /* AFURLResponseSerialization.m */ = {isa = PBXFileReference; fileEncoding = 4; lastKnownFileType = sourcecode.c.objc; path = AFURLResponseSerialization.m; sourceTree = "<group>"; };
		311A33B3194A984F003A5D26 /* AFURLSessionManager.h */ = {isa = PBXFileReference; fileEncoding = 4; lastKnownFileType = sourcecode.c.h; path = AFURLSessionManager.h; sourceTree = "<group>"; };
		311A33B4194A984F003A5D26 /* AFURLSessionManager.m */ = {isa = PBXFileReference; fileEncoding = 4; lastKnownFileType = sourcecode.c.objc; path = AFURLSessionManager.m; sourceTree = "<group>"; };
		311B95AE194FCF9B0063559F /* TestM1ViewController.h */ = {isa = PBXFileReference; fileEncoding = 4; lastKnownFileType = sourcecode.c.h; path = TestM1ViewController.h; sourceTree = "<group>"; };
		311B95AF194FCF9B0063559F /* TestM1ViewController.m */ = {isa = PBXFileReference; fileEncoding = 4; lastKnownFileType = sourcecode.c.objc; path = TestM1ViewController.m; sourceTree = "<group>"; };
		311B95B1194FD00E0063559F /* textM1ViewController.json */ = {isa = PBXFileReference; fileEncoding = 4; lastKnownFileType = text.json; path = textM1ViewController.json; sourceTree = "<group>"; };
		31229156194065E900E81937 /* ShareTimes.app */ = {isa = PBXFileReference; explicitFileType = wrapper.application; includeInIndex = 0; path = ShareTimes.app; sourceTree = BUILT_PRODUCTS_DIR; };
		31229159194065E900E81937 /* Foundation.framework */ = {isa = PBXFileReference; lastKnownFileType = wrapper.framework; name = Foundation.framework; path = System/Library/Frameworks/Foundation.framework; sourceTree = SDKROOT; };
		3122915B194065E900E81937 /* CoreGraphics.framework */ = {isa = PBXFileReference; lastKnownFileType = wrapper.framework; name = CoreGraphics.framework; path = System/Library/Frameworks/CoreGraphics.framework; sourceTree = SDKROOT; };
		3122915D194065E900E81937 /* UIKit.framework */ = {isa = PBXFileReference; lastKnownFileType = wrapper.framework; name = UIKit.framework; path = System/Library/Frameworks/UIKit.framework; sourceTree = SDKROOT; };
		31229161194065E900E81937 /* ShareTimes-Info.plist */ = {isa = PBXFileReference; lastKnownFileType = text.plist.xml; path = "ShareTimes-Info.plist"; sourceTree = "<group>"; };
		31229163194065E900E81937 /* en */ = {isa = PBXFileReference; lastKnownFileType = text.plist.strings; name = en; path = en.lproj/InfoPlist.strings; sourceTree = "<group>"; };
		31229165194065E900E81937 /* main.m */ = {isa = PBXFileReference; lastKnownFileType = sourcecode.c.objc; path = main.m; sourceTree = "<group>"; };
		31229167194065E900E81937 /* ShareTimes-Prefix.pch */ = {isa = PBXFileReference; lastKnownFileType = sourcecode.c.h; path = "ShareTimes-Prefix.pch"; sourceTree = "<group>"; };
		31229168194065E900E81937 /* AppDelegate.h */ = {isa = PBXFileReference; lastKnownFileType = sourcecode.c.h; path = AppDelegate.h; sourceTree = "<group>"; };
		31229169194065E900E81937 /* AppDelegate.m */ = {isa = PBXFileReference; lastKnownFileType = sourcecode.c.objc; path = AppDelegate.m; sourceTree = "<group>"; };
		3122916B194065E900E81937 /* Images.xcassets */ = {isa = PBXFileReference; lastKnownFileType = folder.assetcatalog; path = Images.xcassets; sourceTree = "<group>"; };
		31229171194065E900E81937 /* ShareTimesTests.xctest */ = {isa = PBXFileReference; explicitFileType = wrapper.cfbundle; includeInIndex = 0; path = ShareTimesTests.xctest; sourceTree = BUILT_PRODUCTS_DIR; };
		31229172194065E900E81937 /* XCTest.framework */ = {isa = PBXFileReference; lastKnownFileType = wrapper.framework; name = XCTest.framework; path = Library/Frameworks/XCTest.framework; sourceTree = DEVELOPER_DIR; };
		3122917A194065E900E81937 /* ShareTimesTests-Info.plist */ = {isa = PBXFileReference; lastKnownFileType = text.plist.xml; path = "ShareTimesTests-Info.plist"; sourceTree = "<group>"; };
		3122917C194065E900E81937 /* en */ = {isa = PBXFileReference; lastKnownFileType = text.plist.strings; name = en; path = en.lproj/InfoPlist.strings; sourceTree = "<group>"; };
		3122917E194065E900E81937 /* ShareTimesTests.m */ = {isa = PBXFileReference; lastKnownFileType = sourcecode.c.objc; path = ShareTimesTests.m; sourceTree = "<group>"; };
		312291891940679500E81937 /* CountString.h */ = {isa = PBXFileReference; fileEncoding = 4; lastKnownFileType = sourcecode.c.h; path = CountString.h; sourceTree = "<group>"; };
		3122918A1940679500E81937 /* CountString.m */ = {isa = PBXFileReference; fileEncoding = 4; lastKnownFileType = sourcecode.c.objc; path = CountString.m; sourceTree = "<group>"; };
		3122918B1940679500E81937 /* HandlesClickAction.h */ = {isa = PBXFileReference; fileEncoding = 4; lastKnownFileType = sourcecode.c.h; path = HandlesClickAction.h; sourceTree = "<group>"; };
		3122918C1940679500E81937 /* HandlesClickAction.m */ = {isa = PBXFileReference; fileEncoding = 4; lastKnownFileType = sourcecode.c.objc; path = HandlesClickAction.m; sourceTree = "<group>"; };
		3122918D1940679500E81937 /* HeaderForCustoms.h */ = {isa = PBXFileReference; fileEncoding = 4; lastKnownFileType = sourcecode.c.h; path = HeaderForCustoms.h; sourceTree = "<group>"; };
		3122918E1940679500E81937 /* NSObject+moreMethords.h */ = {isa = PBXFileReference; fileEncoding = 4; lastKnownFileType = sourcecode.c.h; path = "NSObject+moreMethords.h"; sourceTree = "<group>"; };
		3122918F1940679500E81937 /* NSObject+moreMethords.m */ = {isa = PBXFileReference; fileEncoding = 4; lastKnownFileType = sourcecode.c.objc; path = "NSObject+moreMethords.m"; sourceTree = "<group>"; };
		312291901940679500E81937 /* UIImage+Additions.h */ = {isa = PBXFileReference; fileEncoding = 4; lastKnownFileType = sourcecode.c.h; path = "UIImage+Additions.h"; sourceTree = "<group>"; };
		312291911940679500E81937 /* UIImage+Additions.m */ = {isa = PBXFileReference; fileEncoding = 4; lastKnownFileType = sourcecode.c.objc; path = "UIImage+Additions.m"; sourceTree = "<group>"; };
		312291921940679500E81937 /* wDynamicLayout.h */ = {isa = PBXFileReference; fileEncoding = 4; lastKnownFileType = sourcecode.c.h; path = wDynamicLayout.h; sourceTree = "<group>"; };
		312291931940679500E81937 /* wDynamicLayout.m */ = {isa = PBXFileReference; fileEncoding = 4; lastKnownFileType = sourcecode.c.objc; path = wDynamicLayout.m; sourceTree = "<group>"; };
		312291941940679500E81937 /* baseViewController.json */ = {isa = PBXFileReference; fileEncoding = 4; lastKnownFileType = text.json; path = baseViewController.json; sourceTree = "<group>"; };
		312291961940679500E81937 /* ButtonOfMapper.h */ = {isa = PBXFileReference; fileEncoding = 4; lastKnownFileType = sourcecode.c.h; path = ButtonOfMapper.h; sourceTree = "<group>"; };
		312291971940679600E81937 /* ButtonOfMapper.m */ = {isa = PBXFileReference; fileEncoding = 4; lastKnownFileType = sourcecode.c.objc; path = ButtonOfMapper.m; sourceTree = "<group>"; };
		312291981940679600E81937 /* customButton.h */ = {isa = PBXFileReference; fileEncoding = 4; lastKnownFileType = sourcecode.c.h; path = customButton.h; sourceTree = "<group>"; };
		312291991940679600E81937 /* customButton.m */ = {isa = PBXFileReference; fileEncoding = 4; lastKnownFileType = sourcecode.c.objc; path = customButton.m; sourceTree = "<group>"; };
		3122919B1940679600E81937 /* GridHeaderView.h */ = {isa = PBXFileReference; fileEncoding = 4; lastKnownFileType = sourcecode.c.h; path = GridHeaderView.h; sourceTree = "<group>"; };
		3122919C1940679600E81937 /* GridHeaderView.m */ = {isa = PBXFileReference; fileEncoding = 4; lastKnownFileType = sourcecode.c.objc; path = GridHeaderView.m; sourceTree = "<group>"; };
		3122919D1940679600E81937 /* GridMainTableView.h */ = {isa = PBXFileReference; fileEncoding = 4; lastKnownFileType = sourcecode.c.h; path = GridMainTableView.h; sourceTree = "<group>"; };
		3122919E1940679600E81937 /* GridMainTableView.m */ = {isa = PBXFileReference; fileEncoding = 4; lastKnownFileType = sourcecode.c.objc; path = GridMainTableView.m; sourceTree = "<group>"; };
		3122919F1940679600E81937 /* LabelForLeftView.h */ = {isa = PBXFileReference; fileEncoding = 4; lastKnownFileType = sourcecode.c.h; path = LabelForLeftView.h; sourceTree = "<group>"; };
		312291A01940679600E81937 /* LabelForLeftView.m */ = {isa = PBXFileReference; fileEncoding = 4; lastKnownFileType = sourcecode.c.objc; path = LabelForLeftView.m; sourceTree = "<group>"; };
		312291A11940679600E81937 /* LeftTitleView.h */ = {isa = PBXFileReference; fileEncoding = 4; lastKnownFileType = sourcecode.c.h; path = LeftTitleView.h; sourceTree = "<group>"; };
		312291A21940679600E81937 /* LeftTitleView.m */ = {isa = PBXFileReference; fileEncoding = 4; lastKnownFileType = sourcecode.c.objc; path = LeftTitleView.m; sourceTree = "<group>"; };
		312291A31940679600E81937 /* ModleForHeader.h */ = {isa = PBXFileReference; fileEncoding = 4; lastKnownFileType = sourcecode.c.h; path = ModleForHeader.h; sourceTree = "<group>"; };
		312291A41940679600E81937 /* ModleForHeader.m */ = {isa = PBXFileReference; fileEncoding = 4; lastKnownFileType = sourcecode.c.objc; path = ModleForHeader.m; sourceTree = "<group>"; };
		312291A51940679600E81937 /* ModleForLeftTitleVIew.h */ = {isa = PBXFileReference; fileEncoding = 4; lastKnownFileType = sourcecode.c.h; path = ModleForLeftTitleVIew.h; sourceTree = "<group>"; };
		312291A61940679600E81937 /* ModleForLeftTitleVIew.m */ = {isa = PBXFileReference; fileEncoding = 4; lastKnownFileType = sourcecode.c.objc; path = ModleForLeftTitleVIew.m; sourceTree = "<group>"; };
		312291A71940679600E81937 /* MyTableViewCell.h */ = {isa = PBXFileReference; fileEncoding = 4; lastKnownFileType = sourcecode.c.h; path = MyTableViewCell.h; sourceTree = "<group>"; };
		312291A81940679600E81937 /* MyTableViewCell.m */ = {isa = PBXFileReference; fileEncoding = 4; lastKnownFileType = sourcecode.c.objc; path = MyTableViewCell.m; sourceTree = "<group>"; };
		312291A91940679600E81937 /* ViewCellForLeftView.h */ = {isa = PBXFileReference; fileEncoding = 4; lastKnownFileType = sourcecode.c.h; path = ViewCellForLeftView.h; sourceTree = "<group>"; };
		312291AA1940679600E81937 /* ViewCellForLeftView.m */ = {isa = PBXFileReference; fileEncoding = 4; lastKnownFileType = sourcecode.c.objc; path = ViewCellForLeftView.m; sourceTree = "<group>"; };
		312291AC1940679600E81937 /* CImageVIew.h */ = {isa = PBXFileReference; fileEncoding = 4; lastKnownFileType = sourcecode.c.h; path = CImageVIew.h; sourceTree = "<group>"; };
		312291AD1940679600E81937 /* CImageVIew.m */ = {isa = PBXFileReference; fileEncoding = 4; lastKnownFileType = sourcecode.c.objc; path = CImageVIew.m; sourceTree = "<group>"; };
		312291AE1940679600E81937 /* ImageViewOfMapper.h */ = {isa = PBXFileReference; fileEncoding = 4; lastKnownFileType = sourcecode.c.h; path = ImageViewOfMapper.h; sourceTree = "<group>"; };
		312291AF1940679600E81937 /* ImageViewOfMapper.m */ = {isa = PBXFileReference; fileEncoding = 4; lastKnownFileType = sourcecode.c.objc; path = ImageViewOfMapper.m; sourceTree = "<group>"; };
		312291B11940679600E81937 /* CustomLabel.h */ = {isa = PBXFileReference; fileEncoding = 4; lastKnownFileType = sourcecode.c.h; path = CustomLabel.h; sourceTree = "<group>"; };
		312291B21940679600E81937 /* CustomLabel.m */ = {isa = PBXFileReference; fileEncoding = 4; lastKnownFileType = sourcecode.c.objc; path = CustomLabel.m; sourceTree = "<group>"; };
		312291B31940679600E81937 /* LabelOfMapper.h */ = {isa = PBXFileReference; fileEncoding = 4; lastKnownFileType = sourcecode.c.h; path = LabelOfMapper.h; sourceTree = "<group>"; };
		312291B41940679600E81937 /* LabelOfMapper.m */ = {isa = PBXFileReference; fileEncoding = 4; lastKnownFileType = sourcecode.c.objc; path = LabelOfMapper.m; sourceTree = "<group>"; };
		312291B61940679600E81937 /* AppConstants.h */ = {isa = PBXFileReference; fileEncoding = 4; lastKnownFileType = sourcecode.c.h; path = AppConstants.h; sourceTree = "<group>"; };
		312291B91940679600E81937 /* button_back_bg@2x.png */ = {isa = PBXFileReference; lastKnownFileType = image.png; path = "button_back_bg@2x.png"; sourceTree = "<group>"; };
		312291BA1940679600E81937 /* button_back_bg_highlight@2x.png */ = {isa = PBXFileReference; lastKnownFileType = image.png; path = "button_back_bg_highlight@2x.png"; sourceTree = "<group>"; };
		312291BB1940679600E81937 /* register_btn@2x.png */ = {isa = PBXFileReference; lastKnownFileType = image.png; path = "register_btn@2x.png"; sourceTree = "<group>"; };
		312291BD1940679600E81937 /* isRead_selectedButton@2x.png */ = {isa = PBXFileReference; lastKnownFileType = image.png; path = "isRead_selectedButton@2x.png"; sourceTree = "<group>"; };
		312291BE1940679600E81937 /* isRead_waiting_selectButton@2x.png */ = {isa = PBXFileReference; lastKnownFileType = image.png; path = "isRead_waiting_selectButton@2x.png"; sourceTree = "<group>"; };
		312291BF1940679600E81937 /* mypoisition@2x.png */ = {isa = PBXFileReference; lastKnownFileType = image.png; path = "mypoisition@2x.png"; sourceTree = "<group>"; };
		312291C01940679600E81937 /* register_email@2x.png */ = {isa = PBXFileReference; lastKnownFileType = image.png; path = "register_email@2x.png"; sourceTree = "<group>"; };
		312291C11940679600E81937 /* register_lbs@2x.png */ = {isa = PBXFileReference; lastKnownFileType = image.png; path = "register_lbs@2x.png"; sourceTree = "<group>"; };
		312291C21940679600E81937 /* register_password@2x.png */ = {isa = PBXFileReference; lastKnownFileType = image.png; path = "register_password@2x.png"; sourceTree = "<group>"; };
		312291C31940679600E81937 /* register_recommand_people@2x.png */ = {isa = PBXFileReference; lastKnownFileType = image.png; path = "register_recommand_people@2x.png"; sourceTree = "<group>"; };
		312291C41940679600E81937 /* register_user@2x.png */ = {isa = PBXFileReference; lastKnownFileType = image.png; path = "register_user@2x.png"; sourceTree = "<group>"; };
		312291C61940679600E81937 /* backgroundNavbar_ios6@2x.png */ = {isa = PBXFileReference; lastKnownFileType = image.png; path = "backgroundNavbar_ios6@2x.png"; sourceTree = "<group>"; };
		312291C71940679600E81937 /* backgroundNavbar_ios7@2x.png */ = {isa = PBXFileReference; lastKnownFileType = image.png; path = "backgroundNavbar_ios7@2x.png"; sourceTree = "<group>"; };
		312291C81940679600E81937 /* Public.h */ = {isa = PBXFileReference; fileEncoding = 4; lastKnownFileType = sourcecode.c.h; path = Public.h; sourceTree = "<group>"; };
		312291C91940679600E81937 /* TopNavBar.h */ = {isa = PBXFileReference; fileEncoding = 4; lastKnownFileType = sourcecode.c.h; path = TopNavBar.h; sourceTree = "<group>"; };
		312291CA1940679600E81937 /* TopNavBar.m */ = {isa = PBXFileReference; fileEncoding = 4; lastKnownFileType = sourcecode.c.objc; path = TopNavBar.m; sourceTree = "<group>"; };
		312291CB1940679600E81937 /* UConstants.h */ = {isa = PBXFileReference; fileEncoding = 4; lastKnownFileType = sourcecode.c.h; path = UConstants.h; sourceTree = "<group>"; };
		312291CC1940679600E81937 /* Utils.h */ = {isa = PBXFileReference; fileEncoding = 4; lastKnownFileType = sourcecode.c.h; path = Utils.h; sourceTree = "<group>"; };
		312291CD1940679600E81937 /* Utils.m */ = {isa = PBXFileReference; fileEncoding = 4; lastKnownFileType = sourcecode.c.objc; path = Utils.m; sourceTree = "<group>"; };
		312291CF1940679600E81937 /* CpageControl.h */ = {isa = PBXFileReference; fileEncoding = 4; lastKnownFileType = sourcecode.c.h; path = CpageControl.h; sourceTree = "<group>"; };
		312291D01940679600E81937 /* CpageControl.m */ = {isa = PBXFileReference; fileEncoding = 4; lastKnownFileType = sourcecode.c.objc; path = CpageControl.m; sourceTree = "<group>"; };
		312291D11940679600E81937 /* PageControlOfMapper.h */ = {isa = PBXFileReference; fileEncoding = 4; lastKnownFileType = sourcecode.c.h; path = PageControlOfMapper.h; sourceTree = "<group>"; };
		312291D21940679600E81937 /* PageControlOfMapper.m */ = {isa = PBXFileReference; fileEncoding = 4; lastKnownFileType = sourcecode.c.objc; path = PageControlOfMapper.m; sourceTree = "<group>"; };
		312291D41940679600E81937 /* HeaderAndFooterRefresh.h */ = {isa = PBXFileReference; fileEncoding = 4; lastKnownFileType = sourcecode.c.h; path = HeaderAndFooterRefresh.h; sourceTree = "<group>"; };
		312291D51940679600E81937 /* image.bundle */ = {isa = PBXFileReference; lastKnownFileType = "wrapper.plug-in"; path = image.bundle; sourceTree = "<group>"; };
		312291D61940679600E81937 /* RefreshFooterView.h */ = {isa = PBXFileReference; fileEncoding = 4; lastKnownFileType = sourcecode.c.h; path = RefreshFooterView.h; sourceTree = "<group>"; };
		312291D71940679600E81937 /* RefreshFooterView.m */ = {isa = PBXFileReference; fileEncoding = 4; lastKnownFileType = sourcecode.c.objc; path = RefreshFooterView.m; sourceTree = "<group>"; };
		312291D81940679600E81937 /* RefreshHeaderView.h */ = {isa = PBXFileReference; fileEncoding = 4; lastKnownFileType = sourcecode.c.h; path = RefreshHeaderView.h; sourceTree = "<group>"; };
		312291D91940679600E81937 /* RefreshHeaderView.m */ = {isa = PBXFileReference; fileEncoding = 4; lastKnownFileType = sourcecode.c.objc; path = RefreshHeaderView.m; sourceTree = "<group>"; };
		312291DA1940679600E81937 /* WZRefreshBaseView.h */ = {isa = PBXFileReference; fileEncoding = 4; lastKnownFileType = sourcecode.c.h; path = WZRefreshBaseView.h; sourceTree = "<group>"; };
		312291DB1940679600E81937 /* WZRefreshBaseView.m */ = {isa = PBXFileReference; fileEncoding = 4; lastKnownFileType = sourcecode.c.objc; path = WZRefreshBaseView.m; sourceTree = "<group>"; };
		312291DC1940679600E81937 /* WZRefrshConst.h */ = {isa = PBXFileReference; fileEncoding = 4; lastKnownFileType = sourcecode.c.h; path = WZRefrshConst.h; sourceTree = "<group>"; };
		312291DD1940679600E81937 /* WZRefrshConst.m */ = {isa = PBXFileReference; fileEncoding = 4; lastKnownFileType = sourcecode.c.objc; path = WZRefrshConst.m; sourceTree = "<group>"; };
		312291DF1940679600E81937 /* CustomScrollerView.h */ = {isa = PBXFileReference; fileEncoding = 4; lastKnownFileType = sourcecode.c.h; path = CustomScrollerView.h; sourceTree = "<group>"; };
		312291E01940679600E81937 /* CustomScrollerView.m */ = {isa = PBXFileReference; fileEncoding = 4; lastKnownFileType = sourcecode.c.objc; path = CustomScrollerView.m; sourceTree = "<group>"; };
		312291E11940679600E81937 /* ScrollerViewOfMapper.h */ = {isa = PBXFileReference; fileEncoding = 4; lastKnownFileType = sourcecode.c.h; path = ScrollerViewOfMapper.h; sourceTree = "<group>"; };
		312291E21940679600E81937 /* ScrollerViewOfMapper.m */ = {isa = PBXFileReference; fileEncoding = 4; lastKnownFileType = sourcecode.c.objc; path = ScrollerViewOfMapper.m; sourceTree = "<group>"; };
		312291E41940679600E81937 /* CustomSegmetnControl.h */ = {isa = PBXFileReference; fileEncoding = 4; lastKnownFileType = sourcecode.c.h; path = CustomSegmetnControl.h; sourceTree = "<group>"; };
		312291E51940679600E81937 /* CustomSegmetnControl.m */ = {isa = PBXFileReference; fileEncoding = 4; lastKnownFileType = sourcecode.c.objc; path = CustomSegmetnControl.m; sourceTree = "<group>"; };
		312291E61940679600E81937 /* SegmentOfMapper.h */ = {isa = PBXFileReference; fileEncoding = 4; lastKnownFileType = sourcecode.c.h; path = SegmentOfMapper.h; sourceTree = "<group>"; };
		312291E71940679600E81937 /* SegmentOfMapper.m */ = {isa = PBXFileReference; fileEncoding = 4; lastKnownFileType = sourcecode.c.objc; path = SegmentOfMapper.m; sourceTree = "<group>"; };
		312291E91940679600E81937 /* CustomSlider.h */ = {isa = PBXFileReference; fileEncoding = 4; lastKnownFileType = sourcecode.c.h; path = CustomSlider.h; sourceTree = "<group>"; };
		312291EA1940679600E81937 /* CustomSlider.m */ = {isa = PBXFileReference; fileEncoding = 4; lastKnownFileType = sourcecode.c.objc; path = CustomSlider.m; sourceTree = "<group>"; };
		312291EB1940679600E81937 /* SliderOfMapper.h */ = {isa = PBXFileReference; fileEncoding = 4; lastKnownFileType = sourcecode.c.h; path = SliderOfMapper.h; sourceTree = "<group>"; };
		312291EC1940679600E81937 /* SliderOfMapper.m */ = {isa = PBXFileReference; fileEncoding = 4; lastKnownFileType = sourcecode.c.objc; path = SliderOfMapper.m; sourceTree = "<group>"; };
		312291EE1940679600E81937 /* CustomSwitch.h */ = {isa = PBXFileReference; fileEncoding = 4; lastKnownFileType = sourcecode.c.h; path = CustomSwitch.h; sourceTree = "<group>"; };
		312291EF1940679600E81937 /* CustomSwitch.m */ = {isa = PBXFileReference; fileEncoding = 4; lastKnownFileType = sourcecode.c.objc; path = CustomSwitch.m; sourceTree = "<group>"; };
		312291F01940679600E81937 /* SwitchOfMapper.h */ = {isa = PBXFileReference; fileEncoding = 4; lastKnownFileType = sourcecode.c.h; path = SwitchOfMapper.h; sourceTree = "<group>"; };
		312291F11940679600E81937 /* SwitchOfMapper.m */ = {isa = PBXFileReference; fileEncoding = 4; lastKnownFileType = sourcecode.c.objc; path = SwitchOfMapper.m; sourceTree = "<group>"; };
		312291F41940679600E81937 /* TableOfMapper.h */ = {isa = PBXFileReference; fileEncoding = 4; lastKnownFileType = sourcecode.c.h; path = TableOfMapper.h; sourceTree = "<group>"; };
		312291F51940679600E81937 /* TableOfMapper.m */ = {isa = PBXFileReference; fileEncoding = 4; lastKnownFileType = sourcecode.c.objc; path = TableOfMapper.m; sourceTree = "<group>"; };
		312291F71940679600E81937 /* BaseCellMember.h */ = {isa = PBXFileReference; fileEncoding = 4; lastKnownFileType = sourcecode.c.h; path = BaseCellMember.h; sourceTree = "<group>"; };
		312291F81940679600E81937 /* BaseCellMember.m */ = {isa = PBXFileReference; fileEncoding = 4; lastKnownFileType = sourcecode.c.objc; path = BaseCellMember.m; sourceTree = "<group>"; };
		312291F91940679600E81937 /* FirstCellMember.h */ = {isa = PBXFileReference; fileEncoding = 4; lastKnownFileType = sourcecode.c.h; path = FirstCellMember.h; sourceTree = "<group>"; };
		312291FA1940679600E81937 /* FirstCellMember.m */ = {isa = PBXFileReference; fileEncoding = 4; lastKnownFileType = sourcecode.c.objc; path = FirstCellMember.m; sourceTree = "<group>"; };
		312291FC1940679600E81937 /* WCustomTableView.h */ = {isa = PBXFileReference; fileEncoding = 4; lastKnownFileType = sourcecode.c.h; path = WCustomTableView.h; sourceTree = "<group>"; };
		312291FD1940679600E81937 /* WCustomTableView.m */ = {isa = PBXFileReference; fileEncoding = 4; lastKnownFileType = sourcecode.c.objc; path = WCustomTableView.m; sourceTree = "<group>"; };
		312291FE1940679600E81937 /* WFirstCustomCell.h */ = {isa = PBXFileReference; fileEncoding = 4; lastKnownFileType = sourcecode.c.h; path = WFirstCustomCell.h; sourceTree = "<group>"; };
		312291FF1940679600E81937 /* WFirstCustomCell.m */ = {isa = PBXFileReference; fileEncoding = 4; lastKnownFileType = sourcecode.c.objc; path = WFirstCustomCell.m; sourceTree = "<group>"; };
		312292011940679600E81937 /* CustomTextField.h */ = {isa = PBXFileReference; fileEncoding = 4; lastKnownFileType = sourcecode.c.h; path = CustomTextField.h; sourceTree = "<group>"; };
		312292021940679600E81937 /* CustomTextField.m */ = {isa = PBXFileReference; fileEncoding = 4; lastKnownFileType = sourcecode.c.objc; path = CustomTextField.m; sourceTree = "<group>"; };
		312292031940679600E81937 /* TextFieldOfMapper.h */ = {isa = PBXFileReference; fileEncoding = 4; lastKnownFileType = sourcecode.c.h; path = TextFieldOfMapper.h; sourceTree = "<group>"; };
		312292041940679600E81937 /* TextFieldOfMapper.m */ = {isa = PBXFileReference; fileEncoding = 4; lastKnownFileType = sourcecode.c.objc; path = TextFieldOfMapper.m; sourceTree = "<group>"; };
		312292061940679600E81937 /* customView.h */ = {isa = PBXFileReference; fileEncoding = 4; lastKnownFileType = sourcecode.c.h; path = customView.h; sourceTree = "<group>"; };
		312292071940679600E81937 /* CustomView.m */ = {isa = PBXFileReference; fileEncoding = 4; lastKnownFileType = sourcecode.c.objc; path = CustomView.m; sourceTree = "<group>"; };
		312292081940679600E81937 /* CustomViewOfMapper.h */ = {isa = PBXFileReference; fileEncoding = 4; lastKnownFileType = sourcecode.c.h; path = CustomViewOfMapper.h; sourceTree = "<group>"; };
		312292091940679600E81937 /* CustomViewOfMapper.m */ = {isa = PBXFileReference; fileEncoding = 4; lastKnownFileType = sourcecode.c.objc; path = CustomViewOfMapper.m; sourceTree = "<group>"; };
		31229246194068B300E81937 /* WidgetSettingForLayout.h */ = {isa = PBXFileReference; fileEncoding = 4; lastKnownFileType = sourcecode.c.h; path = WidgetSettingForLayout.h; sourceTree = "<group>"; };
		31229247194068B300E81937 /* WidgetSettingForLayout.m */ = {isa = PBXFileReference; fileEncoding = 4; lastKnownFileType = sourcecode.c.objc; path = WidgetSettingForLayout.m; sourceTree = "<group>"; };
		3122924A19406A3F00E81937 /* HeaderForMacro.h */ = {isa = PBXFileReference; fileEncoding = 4; lastKnownFileType = sourcecode.c.h; path = HeaderForMacro.h; sourceTree = "<group>"; };
		3122924C19406B4F00E81937 /* MainViewController.h */ = {isa = PBXFileReference; fileEncoding = 4; lastKnownFileType = sourcecode.c.h; path = MainViewController.h; sourceTree = "<group>"; };
		3122924D19406B4F00E81937 /* MainViewController.m */ = {isa = PBXFileReference; fileEncoding = 4; lastKnownFileType = sourcecode.c.objc; path = MainViewController.m; sourceTree = "<group>"; };
		312817131941560C00BED569 /* RegisterViewController.h */ = {isa = PBXFileReference; fileEncoding = 4; lastKnownFileType = sourcecode.c.h; path = RegisterViewController.h; sourceTree = "<group>"; };
		312817141941560C00BED569 /* RegisterViewController.m */ = {isa = PBXFileReference; fileEncoding = 4; lastKnownFileType = sourcecode.c.objc; path = RegisterViewController.m; sourceTree = "<group>"; };
		31281716194165A600BED569 /* TabBarViewController.h */ = {isa = PBXFileReference; fileEncoding = 4; lastKnownFileType = sourcecode.c.h; path = TabBarViewController.h; sourceTree = "<group>"; };
		31281717194165A600BED569 /* TabBarViewController.m */ = {isa = PBXFileReference; fileEncoding = 4; lastKnownFileType = sourcecode.c.objc; path = TabBarViewController.m; sourceTree = "<group>"; };
		31281719194165F300BED569 /* FunctionViewController.h */ = {isa = PBXFileReference; fileEncoding = 4; lastKnownFileType = sourcecode.c.h; path = FunctionViewController.h; sourceTree = "<group>"; };
		3128171A194165F400BED569 /* FunctionViewController.m */ = {isa = PBXFileReference; fileEncoding = 4; lastKnownFileType = sourcecode.c.objc; path = FunctionViewController.m; sourceTree = "<group>"; };
		3128171C1941660A00BED569 /* UsersViewController.h */ = {isa = PBXFileReference; fileEncoding = 4; lastKnownFileType = sourcecode.c.h; path = UsersViewController.h; sourceTree = "<group>"; };
		3128171D1941660A00BED569 /* UsersViewController.m */ = {isa = PBXFileReference; fileEncoding = 4; lastKnownFileType = sourcecode.c.objc; path = UsersViewController.m; sourceTree = "<group>"; };
		3128171F1941687100BED569 /* MainController.json */ = {isa = PBXFileReference; fileEncoding = 4; lastKnownFileType = text.json; path = MainController.json; sourceTree = "<group>"; };
		31281722194169A000BED569 /* 1.png */ = {isa = PBXFileReference; lastKnownFileType = image.png; path = 1.png; sourceTree = "<group>"; };
		31281723194169A000BED569 /* 2.png */ = {isa = PBXFileReference; lastKnownFileType = image.png; path = 2.png; sourceTree = "<group>"; };
		31281724194169A000BED569 /* 3.png */ = {isa = PBXFileReference; lastKnownFileType = image.png; path = 3.png; sourceTree = "<group>"; };
		31281725194169A000BED569 /* 4.png */ = {isa = PBXFileReference; lastKnownFileType = image.png; path = 4.png; sourceTree = "<group>"; };
		31281726194169A000BED569 /* 5.png */ = {isa = PBXFileReference; lastKnownFileType = image.png; path = 5.png; sourceTree = "<group>"; };
		31281727194169A000BED569 /* 6.png */ = {isa = PBXFileReference; lastKnownFileType = image.png; path = 6.png; sourceTree = "<group>"; };
		31281728194169A000BED569 /* 7.png */ = {isa = PBXFileReference; lastKnownFileType = image.png; path = 7.png; sourceTree = "<group>"; };
		31281729194169A000BED569 /* 8.png */ = {isa = PBXFileReference; lastKnownFileType = image.png; path = 8.png; sourceTree = "<group>"; };
		3128172A194169A000BED569 /* 9.png */ = {isa = PBXFileReference; lastKnownFileType = image.png; path = 9.png; sourceTree = "<group>"; };
		3128172B194169A000BED569 /* Default-568h@2x.png */ = {isa = PBXFileReference; lastKnownFileType = image.png; path = "Default-568h@2x.png"; sourceTree = "<group>"; };
		3128172C194169A000BED569 /* Default.png */ = {isa = PBXFileReference; lastKnownFileType = image.png; path = Default.png; sourceTree = "<group>"; };
		3128172D194169A000BED569 /* Default@2x.png */ = {isa = PBXFileReference; lastKnownFileType = image.png; path = "Default@2x.png"; sourceTree = "<group>"; };
		3128172E194169A000BED569 /* heart_fill_16x14.png */ = {isa = PBXFileReference; lastKnownFileType = image.png; path = heart_fill_16x14.png; sourceTree = "<group>"; };
		3128172F194169A000BED569 /* heart_fill_32x38.png */ = {isa = PBXFileReference; lastKnownFileType = image.png; path = heart_fill_32x38.png; sourceTree = "<group>"; };
		31281730194169A000BED569 /* heart_stroke_16x14.png */ = {isa = PBXFileReference; lastKnownFileType = image.png; path = heart_stroke_16x14.png; sourceTree = "<group>"; };
		31281731194169A000BED569 /* heart_stroke_24x21.png */ = {isa = PBXFileReference; lastKnownFileType = image.png; path = heart_stroke_24x21.png; sourceTree = "<group>"; };
		31281732194169A000BED569 /* home_16x16.png */ = {isa = PBXFileReference; lastKnownFileType = image.png; path = home_16x16.png; sourceTree = "<group>"; };
		31281733194169A000BED569 /* home_24x24.png */ = {isa = PBXFileReference; lastKnownFileType = image.png; path = home_24x24.png; sourceTree = "<group>"; };
		31281734194169A000BED569 /* home_32x32.png */ = {isa = PBXFileReference; lastKnownFileType = image.png; path = home_32x32.png; sourceTree = "<group>"; };
		31281735194169A000BED569 /* magnifying_glass_16x16.png */ = {isa = PBXFileReference; lastKnownFileType = image.png; path = magnifying_glass_16x16.png; sourceTree = "<group>"; };
		31281736194169A000BED569 /* magnifying_glass_24x24.png */ = {isa = PBXFileReference; lastKnownFileType = image.png; path = magnifying_glass_24x24.png; sourceTree = "<group>"; };
		31281737194169A000BED569 /* magnifying_glass_alt_32x32.png */ = {isa = PBXFileReference; lastKnownFileType = image.png; path = magnifying_glass_alt_32x32.png; sourceTree = "<group>"; };
		31281738194169A000BED569 /* mail_16x12.png */ = {isa = PBXFileReference; lastKnownFileType = image.png; path = mail_16x12.png; sourceTree = "<group>"; };
		31281739194169A000BED569 /* mail_24x18.png */ = {isa = PBXFileReference; lastKnownFileType = image.png; path = mail_24x18.png; sourceTree = "<group>"; };
		3128173A194169A000BED569 /* mail_32x24.png */ = {isa = PBXFileReference; lastKnownFileType = image.png; path = mail_32x24.png; sourceTree = "<group>"; };
		3128173B194169A000BED569 /* user_12x16.png */ = {isa = PBXFileReference; lastKnownFileType = image.png; path = user_12x16.png; sourceTree = "<group>"; };
		3128173C194169A000BED569 /* user_18x24.png */ = {isa = PBXFileReference; lastKnownFileType = image.png; path = user_18x24.png; sourceTree = "<group>"; };
		3128173D194169A000BED569 /* user_24x32.png */ = {isa = PBXFileReference; lastKnownFileType = image.png; path = user_24x32.png; sourceTree = "<group>"; };
		3128173E194169A000BED569 /* x_alt_32x32.png */ = {isa = PBXFileReference; lastKnownFileType = image.png; path = x_alt_32x32.png; sourceTree = "<group>"; };
		31C2AEC31946B022008D96B7 /* FourthViewController.h */ = {isa = PBXFileReference; fileEncoding = 4; lastKnownFileType = sourcecode.c.h; path = FourthViewController.h; sourceTree = "<group>"; };
		31C2AEC41946B022008D96B7 /* FourthViewController.m */ = {isa = PBXFileReference; fileEncoding = 4; lastKnownFileType = sourcecode.c.objc; path = FourthViewController.m; sourceTree = "<group>"; };
		31C2AEC61946B036008D96B7 /* fourthViewController.json */ = {isa = PBXFileReference; fileEncoding = 4; lastKnownFileType = text.json; path = fourthViewController.json; sourceTree = "<group>"; };
/* End PBXFileReference section */

/* Begin PBXFrameworksBuildPhase section */
		31229153194065E900E81937 /* Frameworks */ = {
			isa = PBXFrameworksBuildPhase;
			buildActionMask = 2147483647;
			files = (
				3122915C194065E900E81937 /* CoreGraphics.framework in Frameworks */,
				3122915E194065E900E81937 /* UIKit.framework in Frameworks */,
				3122915A194065E900E81937 /* Foundation.framework in Frameworks */,
			);
			runOnlyForDeploymentPostprocessing = 0;
		};
		3122916E194065E900E81937 /* Frameworks */ = {
			isa = PBXFrameworksBuildPhase;
			buildActionMask = 2147483647;
			files = (
				31229173194065E900E81937 /* XCTest.framework in Frameworks */,
				31229175194065E900E81937 /* UIKit.framework in Frameworks */,
				31229174194065E900E81937 /* Foundation.framework in Frameworks */,
			);
			runOnlyForDeploymentPostprocessing = 0;
		};
/* End PBXFrameworksBuildPhase section */

/* Begin PBXGroup section */
		311A33A1194A984F003A5D26 /* AFNetworking */ = {
			isa = PBXGroup;
			children = (
				311A33A2194A984F003A5D26 /* AFHTTPRequestOperation.h */,
				311A33A3194A984F003A5D26 /* AFHTTPRequestOperation.m */,
				311A33A4194A984F003A5D26 /* AFHTTPRequestOperationManager.h */,
				311A33A5194A984F003A5D26 /* AFHTTPRequestOperationManager.m */,
				311A33A6194A984F003A5D26 /* AFHTTPSessionManager.h */,
				311A33A7194A984F003A5D26 /* AFHTTPSessionManager.m */,
				311A33A8194A984F003A5D26 /* AFNetworking.h */,
				311A33A9194A984F003A5D26 /* AFNetworkReachabilityManager.h */,
				311A33AA194A984F003A5D26 /* AFNetworkReachabilityManager.m */,
				311A33AB194A984F003A5D26 /* AFSecurityPolicy.h */,
				311A33AC194A984F003A5D26 /* AFSecurityPolicy.m */,
				311A33AD194A984F003A5D26 /* AFURLConnectionOperation.h */,
				311A33AE194A984F003A5D26 /* AFURLConnectionOperation.m */,
				311A33AF194A984F003A5D26 /* AFURLRequestSerialization.h */,
				311A33B0194A984F003A5D26 /* AFURLRequestSerialization.m */,
				311A33B1194A984F003A5D26 /* AFURLResponseSerialization.h */,
				311A33B2194A984F003A5D26 /* AFURLResponseSerialization.m */,
				311A33B3194A984F003A5D26 /* AFURLSessionManager.h */,
				311A33B4194A984F003A5D26 /* AFURLSessionManager.m */,
			);
			path = AFNetworking;
			sourceTree = "<group>";
		};
		3122914D194065E900E81937 = {
			isa = PBXGroup;
			children = (
				3122915F194065E900E81937 /* ShareTimes */,
				311A33A1194A984F003A5D26 /* AFNetworking */,
				31281721194169A000BED569 /* Iamges */,
				31229178194065E900E81937 /* ShareTimesTests */,
				31229158194065E900E81937 /* Frameworks */,
				31229157194065E900E81937 /* Products */,
			);
			sourceTree = "<group>";
		};
		31229157194065E900E81937 /* Products */ = {
			isa = PBXGroup;
			children = (
				31229156194065E900E81937 /* ShareTimes.app */,
				31229171194065E900E81937 /* ShareTimesTests.xctest */,
			);
			name = Products;
			sourceTree = "<group>";
		};
		31229158194065E900E81937 /* Frameworks */ = {
			isa = PBXGroup;
			children = (
				31229159194065E900E81937 /* Foundation.framework */,
				3122915B194065E900E81937 /* CoreGraphics.framework */,
				3122915D194065E900E81937 /* UIKit.framework */,
				31229172194065E900E81937 /* XCTest.framework */,
			);
			name = Frameworks;
			sourceTree = "<group>";
		};
		3122915F194065E900E81937 /* ShareTimes */ = {
			isa = PBXGroup;
			children = (
				3122924919406A3F00E81937 /* 宏定义文件 */,
				31229245194068B300E81937 /* Singleton Pattern */,
				312291951940679500E81937 /* CustomButton */,
				3122919A1940679600E81937 /* CustomDataGridView */,
				312291AB1940679600E81937 /* CustomImageView */,
				312291B01940679600E81937 /* CustomLable */,
				312291B51940679600E81937 /* CustomLoginAndRegister */,
				312291CE1940679600E81937 /* CustomPageControl */,
				312291D31940679600E81937 /* CustomRefresh */,
				312291DE1940679600E81937 /* CustomScrollView */,
				312291E31940679600E81937 /* CustomSegment */,
				312291E81940679600E81937 /* CustomSlider */,
				312291ED1940679600E81937 /* CustomSwitch */,
				312291F21940679600E81937 /* CustomTableView */,
				312292001940679600E81937 /* CustomTextfield */,
				312292051940679600E81937 /* CustomView */,
				312291881940679500E81937 /* AutoLoadFile */,
				3122924B19406B0600E81937 /* ControllerS */,
				31229168194065E900E81937 /* AppDelegate.h */,
				31229169194065E900E81937 /* AppDelegate.m */,
				3128171F1941687100BED569 /* MainController.json */,
				312291941940679500E81937 /* baseViewController.json */,
				31064F73194542F200AD8C55 /* functionViewController.json */,
				31064F771945433C00AD8C55 /* usersViewController.json */,
				31064F751945431F00AD8C55 /* LoginViewController.json */,
				31C2AEC61946B036008D96B7 /* fourthViewController.json */,
				311B95B1194FD00E0063559F /* textM1ViewController.json */,
				3122916B194065E900E81937 /* Images.xcassets */,
				31229160194065E900E81937 /* Supporting Files */,
			);
			path = ShareTimes;
			sourceTree = "<group>";
		};
		31229160194065E900E81937 /* Supporting Files */ = {
			isa = PBXGroup;
			children = (
				31229161194065E900E81937 /* ShareTimes-Info.plist */,
				31229162194065E900E81937 /* InfoPlist.strings */,
				31229165194065E900E81937 /* main.m */,
				31229167194065E900E81937 /* ShareTimes-Prefix.pch */,
			);
			name = "Supporting Files";
			sourceTree = "<group>";
		};
		31229178194065E900E81937 /* ShareTimesTests */ = {
			isa = PBXGroup;
			children = (
				3122917E194065E900E81937 /* ShareTimesTests.m */,
				31229179194065E900E81937 /* Supporting Files */,
			);
			path = ShareTimesTests;
			sourceTree = "<group>";
		};
		31229179194065E900E81937 /* Supporting Files */ = {
			isa = PBXGroup;
			children = (
				3122917A194065E900E81937 /* ShareTimesTests-Info.plist */,
				3122917B194065E900E81937 /* InfoPlist.strings */,
			);
			name = "Supporting Files";
			sourceTree = "<group>";
		};
		312291881940679500E81937 /* AutoLoadFile */ = {
			isa = PBXGroup;
			children = (
				312291891940679500E81937 /* CountString.h */,
				3122918A1940679500E81937 /* CountString.m */,
				3122918B1940679500E81937 /* HandlesClickAction.h */,
				3122918C1940679500E81937 /* HandlesClickAction.m */,
				3122918D1940679500E81937 /* HeaderForCustoms.h */,
				3122918E1940679500E81937 /* NSObject+moreMethords.h */,
				3122918F1940679500E81937 /* NSObject+moreMethords.m */,
				312291901940679500E81937 /* UIImage+Additions.h */,
				312291911940679500E81937 /* UIImage+Additions.m */,
				312291921940679500E81937 /* wDynamicLayout.h */,
				312291931940679500E81937 /* wDynamicLayout.m */,
			);
			path = AutoLoadFile;
			sourceTree = "<group>";
		};
		312291951940679500E81937 /* CustomButton */ = {
			isa = PBXGroup;
			children = (
				312291961940679500E81937 /* ButtonOfMapper.h */,
				312291971940679600E81937 /* ButtonOfMapper.m */,
				312291981940679600E81937 /* customButton.h */,
				312291991940679600E81937 /* customButton.m */,
			);
			path = CustomButton;
			sourceTree = "<group>";
		};
		3122919A1940679600E81937 /* CustomDataGridView */ = {
			isa = PBXGroup;
			children = (
				3122919B1940679600E81937 /* GridHeaderView.h */,
				3122919C1940679600E81937 /* GridHeaderView.m */,
				3122919D1940679600E81937 /* GridMainTableView.h */,
				3122919E1940679600E81937 /* GridMainTableView.m */,
				3122919F1940679600E81937 /* LabelForLeftView.h */,
				312291A01940679600E81937 /* LabelForLeftView.m */,
				312291A11940679600E81937 /* LeftTitleView.h */,
				312291A21940679600E81937 /* LeftTitleView.m */,
				312291A31940679600E81937 /* ModleForHeader.h */,
				312291A41940679600E81937 /* ModleForHeader.m */,
				312291A51940679600E81937 /* ModleForLeftTitleVIew.h */,
				312291A61940679600E81937 /* ModleForLeftTitleVIew.m */,
				312291A71940679600E81937 /* MyTableViewCell.h */,
				312291A81940679600E81937 /* MyTableViewCell.m */,
				312291A91940679600E81937 /* ViewCellForLeftView.h */,
				312291AA1940679600E81937 /* ViewCellForLeftView.m */,
			);
			path = CustomDataGridView;
			sourceTree = "<group>";
		};
		312291AB1940679600E81937 /* CustomImageView */ = {
			isa = PBXGroup;
			children = (
				312291AC1940679600E81937 /* CImageVIew.h */,
				312291AD1940679600E81937 /* CImageVIew.m */,
				312291AE1940679600E81937 /* ImageViewOfMapper.h */,
				312291AF1940679600E81937 /* ImageViewOfMapper.m */,
			);
			path = CustomImageView;
			sourceTree = "<group>";
		};
		312291B01940679600E81937 /* CustomLable */ = {
			isa = PBXGroup;
			children = (
				312291B11940679600E81937 /* CustomLabel.h */,
				312291B21940679600E81937 /* CustomLabel.m */,
				312291B31940679600E81937 /* LabelOfMapper.h */,
				312291B41940679600E81937 /* LabelOfMapper.m */,
			);
			path = CustomLable;
			sourceTree = "<group>";
		};
		312291B51940679600E81937 /* CustomLoginAndRegister */ = {
			isa = PBXGroup;
			children = (
				312291B61940679600E81937 /* AppConstants.h */,
				312291B71940679600E81937 /* images */,
				312291C51940679600E81937 /* navgationBarImages */,
				312291C81940679600E81937 /* Public.h */,
				312291C91940679600E81937 /* TopNavBar.h */,
				312291CA1940679600E81937 /* TopNavBar.m */,
				312291CB1940679600E81937 /* UConstants.h */,
				312291CC1940679600E81937 /* Utils.h */,
				312291CD1940679600E81937 /* Utils.m */,
			);
			path = CustomLoginAndRegister;
			sourceTree = "<group>";
		};
		312291B71940679600E81937 /* images */ = {
			isa = PBXGroup;
			children = (
				312291B81940679600E81937 /* backImages */,
				312291BC1940679600E81937 /* registerImages */,
			);
			path = images;
			sourceTree = "<group>";
		};
		312291B81940679600E81937 /* backImages */ = {
			isa = PBXGroup;
			children = (
				312291B91940679600E81937 /* button_back_bg@2x.png */,
				312291BA1940679600E81937 /* button_back_bg_highlight@2x.png */,
				312291BB1940679600E81937 /* register_btn@2x.png */,
			);
			path = backImages;
			sourceTree = "<group>";
		};
		312291BC1940679600E81937 /* registerImages */ = {
			isa = PBXGroup;
			children = (
				312291BD1940679600E81937 /* isRead_selectedButton@2x.png */,
				312291BE1940679600E81937 /* isRead_waiting_selectButton@2x.png */,
				312291BF1940679600E81937 /* mypoisition@2x.png */,
				312291C01940679600E81937 /* register_email@2x.png */,
				312291C11940679600E81937 /* register_lbs@2x.png */,
				312291C21940679600E81937 /* register_password@2x.png */,
				312291C31940679600E81937 /* register_recommand_people@2x.png */,
				312291C41940679600E81937 /* register_user@2x.png */,
			);
			path = registerImages;
			sourceTree = "<group>";
		};
		312291C51940679600E81937 /* navgationBarImages */ = {
			isa = PBXGroup;
			children = (
				312291C61940679600E81937 /* backgroundNavbar_ios6@2x.png */,
				312291C71940679600E81937 /* backgroundNavbar_ios7@2x.png */,
			);
			path = navgationBarImages;
			sourceTree = "<group>";
		};
		312291CE1940679600E81937 /* CustomPageControl */ = {
			isa = PBXGroup;
			children = (
				312291CF1940679600E81937 /* CpageControl.h */,
				312291D01940679600E81937 /* CpageControl.m */,
				312291D11940679600E81937 /* PageControlOfMapper.h */,
				312291D21940679600E81937 /* PageControlOfMapper.m */,
			);
			path = CustomPageControl;
			sourceTree = "<group>";
		};
		312291D31940679600E81937 /* CustomRefresh */ = {
			isa = PBXGroup;
			children = (
				312291D41940679600E81937 /* HeaderAndFooterRefresh.h */,
				312291D51940679600E81937 /* image.bundle */,
				312291D61940679600E81937 /* RefreshFooterView.h */,
				312291D71940679600E81937 /* RefreshFooterView.m */,
				312291D81940679600E81937 /* RefreshHeaderView.h */,
				312291D91940679600E81937 /* RefreshHeaderView.m */,
				312291DA1940679600E81937 /* WZRefreshBaseView.h */,
				312291DB1940679600E81937 /* WZRefreshBaseView.m */,
				312291DC1940679600E81937 /* WZRefrshConst.h */,
				312291DD1940679600E81937 /* WZRefrshConst.m */,
			);
			path = CustomRefresh;
			sourceTree = "<group>";
		};
		312291DE1940679600E81937 /* CustomScrollView */ = {
			isa = PBXGroup;
			children = (
				312291DF1940679600E81937 /* CustomScrollerView.h */,
				312291E01940679600E81937 /* CustomScrollerView.m */,
				312291E11940679600E81937 /* ScrollerViewOfMapper.h */,
				312291E21940679600E81937 /* ScrollerViewOfMapper.m */,
			);
			path = CustomScrollView;
			sourceTree = "<group>";
		};
		312291E31940679600E81937 /* CustomSegment */ = {
			isa = PBXGroup;
			children = (
				312291E41940679600E81937 /* CustomSegmetnControl.h */,
				312291E51940679600E81937 /* CustomSegmetnControl.m */,
				312291E61940679600E81937 /* SegmentOfMapper.h */,
				312291E71940679600E81937 /* SegmentOfMapper.m */,
			);
			path = CustomSegment;
			sourceTree = "<group>";
		};
		312291E81940679600E81937 /* CustomSlider */ = {
			isa = PBXGroup;
			children = (
				312291E91940679600E81937 /* CustomSlider.h */,
				312291EA1940679600E81937 /* CustomSlider.m */,
				312291EB1940679600E81937 /* SliderOfMapper.h */,
				312291EC1940679600E81937 /* SliderOfMapper.m */,
			);
			path = CustomSlider;
			sourceTree = "<group>";
		};
		312291ED1940679600E81937 /* CustomSwitch */ = {
			isa = PBXGroup;
			children = (
				312291EE1940679600E81937 /* CustomSwitch.h */,
				312291EF1940679600E81937 /* CustomSwitch.m */,
				312291F01940679600E81937 /* SwitchOfMapper.h */,
				312291F11940679600E81937 /* SwitchOfMapper.m */,
			);
			path = CustomSwitch;
			sourceTree = "<group>";
		};
		312291F21940679600E81937 /* CustomTableView */ = {
			isa = PBXGroup;
			children = (
				312291F31940679600E81937 /* modelFromJSON */,
				312291F61940679600E81937 /* modle */,
				312291FB1940679600E81937 /* View */,
			);
			path = CustomTableView;
			sourceTree = "<group>";
		};
		312291F31940679600E81937 /* modelFromJSON */ = {
			isa = PBXGroup;
			children = (
				312291F41940679600E81937 /* TableOfMapper.h */,
				312291F51940679600E81937 /* TableOfMapper.m */,
			);
			path = modelFromJSON;
			sourceTree = "<group>";
		};
		312291F61940679600E81937 /* modle */ = {
			isa = PBXGroup;
			children = (
				312291F71940679600E81937 /* BaseCellMember.h */,
				312291F81940679600E81937 /* BaseCellMember.m */,
				312291F91940679600E81937 /* FirstCellMember.h */,
				312291FA1940679600E81937 /* FirstCellMember.m */,
			);
			path = modle;
			sourceTree = "<group>";
		};
		312291FB1940679600E81937 /* View */ = {
			isa = PBXGroup;
			children = (
				312291FC1940679600E81937 /* WCustomTableView.h */,
				312291FD1940679600E81937 /* WCustomTableView.m */,
				312291FE1940679600E81937 /* WFirstCustomCell.h */,
				312291FF1940679600E81937 /* WFirstCustomCell.m */,
				31044339194ADE6200A2AAB9 /* WBaseTableViewCell.h */,
				3104433A194ADE6200A2AAB9 /* WBaseTableViewCell.m */,
			);
			path = View;
			sourceTree = "<group>";
		};
		312292001940679600E81937 /* CustomTextfield */ = {
			isa = PBXGroup;
			children = (
				312292011940679600E81937 /* CustomTextField.h */,
				312292021940679600E81937 /* CustomTextField.m */,
				312292031940679600E81937 /* TextFieldOfMapper.h */,
				312292041940679600E81937 /* TextFieldOfMapper.m */,
			);
			path = CustomTextfield;
			sourceTree = "<group>";
		};
		312292051940679600E81937 /* CustomView */ = {
			isa = PBXGroup;
			children = (
				312292061940679600E81937 /* customView.h */,
				312292071940679600E81937 /* CustomView.m */,
				312292081940679600E81937 /* CustomViewOfMapper.h */,
				312292091940679600E81937 /* CustomViewOfMapper.m */,
			);
			path = CustomView;
			sourceTree = "<group>";
		};
		31229245194068B300E81937 /* Singleton Pattern */ = {
			isa = PBXGroup;
			children = (
				31229246194068B300E81937 /* WidgetSettingForLayout.h */,
				31229247194068B300E81937 /* WidgetSettingForLayout.m */,
				310A7D6019419AA1000D8AD8 /* CommonDataClass.h */,
				310A7D6119419AA1000D8AD8 /* CommonDataClass.m */,
			);
			path = "Singleton Pattern";
			sourceTree = "<group>";
		};
		3122924919406A3F00E81937 /* 宏定义文件 */ = {
			isa = PBXGroup;
			children = (
				3122924A19406A3F00E81937 /* HeaderForMacro.h */,
			);
			path = "宏定义文件";
			sourceTree = "<group>";
		};
		3122924B19406B0600E81937 /* ControllerS */ = {
			isa = PBXGroup;
			children = (
				3122924C19406B4F00E81937 /* MainViewController.h */,
				3122924D19406B4F00E81937 /* MainViewController.m */,
				31281716194165A600BED569 /* TabBarViewController.h */,
				31281717194165A600BED569 /* TabBarViewController.m */,
				31281719194165F300BED569 /* FunctionViewController.h */,
				3128171A194165F400BED569 /* FunctionViewController.m */,
				3128171C1941660A00BED569 /* UsersViewController.h */,
				3128171D1941660A00BED569 /* UsersViewController.m */,
				31064F701945429000AD8C55 /* LoginViewController.h */,
				31064F711945429000AD8C55 /* LoginViewController.m */,
				312817131941560C00BED569 /* RegisterViewController.h */,
				312817141941560C00BED569 /* RegisterViewController.m */,
				31C2AEC31946B022008D96B7 /* FourthViewController.h */,
				31C2AEC41946B022008D96B7 /* FourthViewController.m */,
				311B95AE194FCF9B0063559F /* TestM1ViewController.h */,
				311B95AF194FCF9B0063559F /* TestM1ViewController.m */,
			);
			name = ControllerS;
			sourceTree = "<group>";
		};
		31281721194169A000BED569 /* Iamges */ = {
			isa = PBXGroup;
			children = (
				31281722194169A000BED569 /* 1.png */,
				31281723194169A000BED569 /* 2.png */,
				31281724194169A000BED569 /* 3.png */,
				31281725194169A000BED569 /* 4.png */,
				31281726194169A000BED569 /* 5.png */,
				31281727194169A000BED569 /* 6.png */,
				31281728194169A000BED569 /* 7.png */,
				31281729194169A000BED569 /* 8.png */,
				3128172A194169A000BED569 /* 9.png */,
				3128172B194169A000BED569 /* Default-568h@2x.png */,
				3128172C194169A000BED569 /* Default.png */,
				3128172D194169A000BED569 /* Default@2x.png */,
				3128172E194169A000BED569 /* heart_fill_16x14.png */,
				3128172F194169A000BED569 /* heart_fill_32x38.png */,
				31281730194169A000BED569 /* heart_stroke_16x14.png */,
				31281731194169A000BED569 /* heart_stroke_24x21.png */,
				31281732194169A000BED569 /* home_16x16.png */,
				31281733194169A000BED569 /* home_24x24.png */,
				31281734194169A000BED569 /* home_32x32.png */,
				31281735194169A000BED569 /* magnifying_glass_16x16.png */,
				31281736194169A000BED569 /* magnifying_glass_24x24.png */,
				31281737194169A000BED569 /* magnifying_glass_alt_32x32.png */,
				31281738194169A000BED569 /* mail_16x12.png */,
				31281739194169A000BED569 /* mail_24x18.png */,
				3128173A194169A000BED569 /* mail_32x24.png */,
				3128173B194169A000BED569 /* user_12x16.png */,
				3128173C194169A000BED569 /* user_18x24.png */,
				3128173D194169A000BED569 /* user_24x32.png */,
				3128173E194169A000BED569 /* x_alt_32x32.png */,
				31064F7919454E8100AD8C55 /* password_icon.png */,
				31064F7A19454E8100AD8C55 /* password_icon@2x.png */,
				31064F7B19454E8100AD8C55 /* user_name_icon.png */,
				31064F7C19454E8100AD8C55 /* user_name_icon@2x.png */,
			);
			path = Iamges;
			sourceTree = "<group>";
		};
/* End PBXGroup section */

/* Begin PBXNativeTarget section */
		31229155194065E900E81937 /* ShareTimes */ = {
			isa = PBXNativeTarget;
			buildConfigurationList = 31229182194065E900E81937 /* Build configuration list for PBXNativeTarget "ShareTimes" */;
			buildPhases = (
				31229152194065E900E81937 /* Sources */,
				31229153194065E900E81937 /* Frameworks */,
				31229154194065E900E81937 /* Resources */,
			);
			buildRules = (
			);
			dependencies = (
			);
			name = ShareTimes;
			productName = ShareTimes;
			productReference = 31229156194065E900E81937 /* ShareTimes.app */;
			productType = "com.apple.product-type.application";
		};
		31229170194065E900E81937 /* ShareTimesTests */ = {
			isa = PBXNativeTarget;
			buildConfigurationList = 31229185194065E900E81937 /* Build configuration list for PBXNativeTarget "ShareTimesTests" */;
			buildPhases = (
				3122916D194065E900E81937 /* Sources */,
				3122916E194065E900E81937 /* Frameworks */,
				3122916F194065E900E81937 /* Resources */,
			);
			buildRules = (
			);
			dependencies = (
				31229177194065E900E81937 /* PBXTargetDependency */,
			);
			name = ShareTimesTests;
			productName = ShareTimesTests;
			productReference = 31229171194065E900E81937 /* ShareTimesTests.xctest */;
			productType = "com.apple.product-type.bundle.unit-test";
		};
/* End PBXNativeTarget section */

/* Begin PBXProject section */
		3122914E194065E900E81937 /* Project object */ = {
			isa = PBXProject;
			attributes = {
				LastUpgradeCheck = 0510;
				ORGANIZATIONNAME = "传晟";
				TargetAttributes = {
					31229170194065E900E81937 = {
						TestTargetID = 31229155194065E900E81937;
					};
				};
			};
			buildConfigurationList = 31229151194065E900E81937 /* Build configuration list for PBXProject "ShareTimes" */;
			compatibilityVersion = "Xcode 3.2";
			developmentRegion = English;
			hasScannedForEncodings = 0;
			knownRegions = (
				en,
			);
			mainGroup = 3122914D194065E900E81937;
			productRefGroup = 31229157194065E900E81937 /* Products */;
			projectDirPath = "";
			projectRoot = "";
			targets = (
				31229155194065E900E81937 /* ShareTimes */,
				31229170194065E900E81937 /* ShareTimesTests */,
			);
		};
/* End PBXProject section */

/* Begin PBXResourcesBuildPhase section */
		31229154194065E900E81937 /* Resources */ = {
			isa = PBXResourcesBuildPhase;
			buildActionMask = 2147483647;
			files = (
				31281742194169A000BED569 /* 4.png in Resources */,
				31281759194169A000BED569 /* user_18x24.png in Resources */,
				312292271940679600E81937 /* register_recommand_people@2x.png in Resources */,
				31281749194169A000BED569 /* Default.png in Resources */,
				31281745194169A000BED569 /* 7.png in Resources */,
				31281743194169A000BED569 /* 5.png in Resources */,
				3122922F1940679600E81937 /* image.bundle in Resources */,
				31281748194169A000BED569 /* Default-568h@2x.png in Resources */,
				31281751194169A000BED569 /* home_32x32.png in Resources */,
				31281740194169A000BED569 /* 2.png in Resources */,
				3128174C194169A000BED569 /* heart_fill_32x38.png in Resources */,
				312292261940679600E81937 /* register_password@2x.png in Resources */,
				31064F74194542F200AD8C55 /* functionViewController.json in Resources */,
				31C2AEC71946B036008D96B7 /* fourthViewController.json in Resources */,
				31281744194169A000BED569 /* 6.png in Resources */,
				31281755194169A000BED569 /* mail_16x12.png in Resources */,
				312292281940679600E81937 /* register_user@2x.png in Resources */,
				31229164194065E900E81937 /* InfoPlist.strings in Resources */,
				3128174A194169A000BED569 /* Default@2x.png in Resources */,
				3122922A1940679600E81937 /* backgroundNavbar_ios7@2x.png in Resources */,
				3122920F1940679600E81937 /* baseViewController.json in Resources */,
				31281756194169A000BED569 /* mail_24x18.png in Resources */,
				312292251940679600E81937 /* register_lbs@2x.png in Resources */,
				3128173F194169A000BED569 /* 1.png in Resources */,
				3128175A194169A000BED569 /* user_24x32.png in Resources */,
				312292201940679600E81937 /* register_btn@2x.png in Resources */,
				31281753194169A000BED569 /* magnifying_glass_24x24.png in Resources */,
				3128174B194169A000BED569 /* heart_fill_16x14.png in Resources */,
				3122921E1940679600E81937 /* button_back_bg@2x.png in Resources */,
				3128174D194169A000BED569 /* heart_stroke_16x14.png in Resources */,
				31281757194169A000BED569 /* mail_32x24.png in Resources */,
				31281741194169A000BED569 /* 3.png in Resources */,
				31064F7F19454E8100AD8C55 /* user_name_icon.png in Resources */,
				31281752194169A000BED569 /* magnifying_glass_16x16.png in Resources */,
				31064F761945431F00AD8C55 /* LoginViewController.json in Resources */,
				311B95B2194FD00E0063559F /* textM1ViewController.json in Resources */,
				312292221940679600E81937 /* isRead_waiting_selectButton@2x.png in Resources */,
				312292231940679600E81937 /* mypoisition@2x.png in Resources */,
				3128175B194169A000BED569 /* x_alt_32x32.png in Resources */,
				31064F7E19454E8100AD8C55 /* password_icon@2x.png in Resources */,
				31281754194169A000BED569 /* magnifying_glass_alt_32x32.png in Resources */,
				312817201941687100BED569 /* MainController.json in Resources */,
				31064F781945433C00AD8C55 /* usersViewController.json in Resources */,
				31064F7D19454E8100AD8C55 /* password_icon.png in Resources */,
				31281758194169A000BED569 /* user_12x16.png in Resources */,
				312292211940679600E81937 /* isRead_selectedButton@2x.png in Resources */,
				31281747194169A000BED569 /* 9.png in Resources */,
				31064F8019454E8100AD8C55 /* user_name_icon@2x.png in Resources */,
				3122921F1940679600E81937 /* button_back_bg_highlight@2x.png in Resources */,
				31281746194169A000BED569 /* 8.png in Resources */,
				3128174E194169A000BED569 /* heart_stroke_24x21.png in Resources */,
				312292291940679600E81937 /* backgroundNavbar_ios6@2x.png in Resources */,
				312292241940679600E81937 /* register_email@2x.png in Resources */,
				31281750194169A000BED569 /* home_24x24.png in Resources */,
				3122916C194065E900E81937 /* Images.xcassets in Resources */,
				3128174F194169A000BED569 /* home_16x16.png in Resources */,
			);
			runOnlyForDeploymentPostprocessing = 0;
		};
		3122916F194065E900E81937 /* Resources */ = {
			isa = PBXResourcesBuildPhase;
			buildActionMask = 2147483647;
			files = (
				3122917D194065E900E81937 /* InfoPlist.strings in Resources */,
			);
			runOnlyForDeploymentPostprocessing = 0;
		};
/* End PBXResourcesBuildPhase section */

/* Begin PBXSourcesBuildPhase section */
		31229152194065E900E81937 /* Sources */ = {
			isa = PBXSourcesBuildPhase;
			buildActionMask = 2147483647;
			files = (
				3122923C1940679600E81937 /* TableOfMapper.m in Sources */,
				311A33B8194A984F003A5D26 /* AFNetworkReachabilityManager.m in Sources */,
				312292361940679600E81937 /* CustomSegmetnControl.m in Sources */,
				3122921A1940679600E81937 /* CImageVIew.m in Sources */,
				312292401940679600E81937 /* WFirstCustomCell.m in Sources */,
				31229248194068B300E81937 /* WidgetSettingForLayout.m in Sources */,
				3122923A1940679600E81937 /* CustomSwitch.m in Sources */,
				312292431940679600E81937 /* CustomView.m in Sources */,
				3122916A194065E900E81937 /* AppDelegate.m in Sources */,
				311A33BD194A984F003A5D26 /* AFURLSessionManager.m in Sources */,
				311B95B0194FCF9B0063559F /* TestM1ViewController.m in Sources */,
				312292101940679600E81937 /* ButtonOfMapper.m in Sources */,
				312292151940679600E81937 /* LeftTitleView.m in Sources */,
				312292111940679600E81937 /* customButton.m in Sources */,
				312292341940679600E81937 /* CustomScrollerView.m in Sources */,
				312292121940679600E81937 /* GridHeaderView.m in Sources */,
				312292181940679600E81937 /* MyTableViewCell.m in Sources */,
				312292351940679600E81937 /* ScrollerViewOfMapper.m in Sources */,
				311A33B9194A984F003A5D26 /* AFSecurityPolicy.m in Sources */,
				3122921B1940679600E81937 /* ImageViewOfMapper.m in Sources */,
				31C2AEC51946B022008D96B7 /* FourthViewController.m in Sources */,
				311A33BC194A984F003A5D26 /* AFURLResponseSerialization.m in Sources */,
				311A33B6194A984F003A5D26 /* AFHTTPRequestOperationManager.m in Sources */,
				312292391940679600E81937 /* SliderOfMapper.m in Sources */,
				312292381940679600E81937 /* CustomSlider.m in Sources */,
				3122920D1940679600E81937 /* UIImage+Additions.m in Sources */,
				311A33B5194A984F003A5D26 /* AFHTTPRequestOperation.m in Sources */,
				3122924E19406B4F00E81937 /* MainViewController.m in Sources */,
				310A7D6219419AA1000D8AD8 /* CommonDataClass.m in Sources */,
				31281718194165A600BED569 /* TabBarViewController.m in Sources */,
				312292171940679600E81937 /* ModleForLeftTitleVIew.m in Sources */,
				3122922D1940679600E81937 /* CpageControl.m in Sources */,
				31229166194065E900E81937 /* main.m in Sources */,
				312292441940679600E81937 /* CustomViewOfMapper.m in Sources */,
				311A33BB194A984F003A5D26 /* AFURLRequestSerialization.m in Sources */,
				3122923F1940679600E81937 /* WCustomTableView.m in Sources */,
				312817151941560C00BED569 /* RegisterViewController.m in Sources */,
				312292141940679600E81937 /* LabelForLeftView.m in Sources */,
				3122923E1940679600E81937 /* FirstCellMember.m in Sources */,
				312292301940679600E81937 /* RefreshFooterView.m in Sources */,
				312292131940679600E81937 /* GridMainTableView.m in Sources */,
				311A33B7194A984F003A5D26 /* AFHTTPSessionManager.m in Sources */,
				31064F721945429000AD8C55 /* LoginViewController.m in Sources */,
				3122920B1940679600E81937 /* HandlesClickAction.m in Sources */,
				312292411940679600E81937 /* CustomTextField.m in Sources */,
				3122923D1940679600E81937 /* BaseCellMember.m in Sources */,
				312292321940679600E81937 /* WZRefreshBaseView.m in Sources */,
				311A33BA194A984F003A5D26 /* AFURLConnectionOperation.m in Sources */,
				3122920C1940679600E81937 /* NSObject+moreMethords.m in Sources */,
				312292311940679600E81937 /* RefreshHeaderView.m in Sources */,
				3104433B194ADE6200A2AAB9 /* WBaseTableViewCell.m in Sources */,
				3122920A1940679600E81937 /* CountString.m in Sources */,
				312292371940679600E81937 /* SegmentOfMapper.m in Sources */,
				3128171B194165F400BED569 /* FunctionViewController.m in Sources */,
				3122921D1940679600E81937 /* LabelOfMapper.m in Sources */,
				312292161940679600E81937 /* ModleForHeader.m in Sources */,
				3122920E1940679600E81937 /* wDynamicLayout.m in Sources */,
				3122922E1940679600E81937 /* PageControlOfMapper.m in Sources */,
				312292191940679600E81937 /* ViewCellForLeftView.m in Sources */,
				3128171E1941660A00BED569 /* UsersViewController.m in Sources */,
				3122921C1940679600E81937 /* CustomLabel.m in Sources */,
				3122922C1940679600E81937 /* Utils.m in Sources */,
				312292331940679600E81937 /* WZRefrshConst.m in Sources */,
				312292421940679600E81937 /* TextFieldOfMapper.m in Sources */,
				3122922B1940679600E81937 /* TopNavBar.m in Sources */,
				3122923B1940679600E81937 /* SwitchOfMapper.m in Sources */,
			);
			runOnlyForDeploymentPostprocessing = 0;
		};
		3122916D194065E900E81937 /* Sources */ = {
			isa = PBXSourcesBuildPhase;
			buildActionMask = 2147483647;
			files = (
				3122917F194065E900E81937 /* ShareTimesTests.m in Sources */,
			);
			runOnlyForDeploymentPostprocessing = 0;
		};
/* End PBXSourcesBuildPhase section */

/* Begin PBXTargetDependency section */
		31229177194065E900E81937 /* PBXTargetDependency */ = {
			isa = PBXTargetDependency;
			target = 31229155194065E900E81937 /* ShareTimes */;
			targetProxy = 31229176194065E900E81937 /* PBXContainerItemProxy */;
		};
/* End PBXTargetDependency section */

/* Begin PBXVariantGroup section */
		31229162194065E900E81937 /* InfoPlist.strings */ = {
			isa = PBXVariantGroup;
			children = (
				31229163194065E900E81937 /* en */,
			);
			name = InfoPlist.strings;
			sourceTree = "<group>";
		};
		3122917B194065E900E81937 /* InfoPlist.strings */ = {
			isa = PBXVariantGroup;
			children = (
				3122917C194065E900E81937 /* en */,
			);
			name = InfoPlist.strings;
			sourceTree = "<group>";
		};
/* End PBXVariantGroup section */

/* Begin XCBuildConfiguration section */
		31229180194065E900E81937 /* Debug */ = {
			isa = XCBuildConfiguration;
			buildSettings = {
				ALWAYS_SEARCH_USER_PATHS = NO;
				CLANG_CXX_LANGUAGE_STANDARD = "gnu++0x";
				CLANG_CXX_LIBRARY = "libc++";
				CLANG_ENABLE_MODULES = YES;
				CLANG_ENABLE_OBJC_ARC = YES;
				CLANG_WARN_BOOL_CONVERSION = YES;
				CLANG_WARN_CONSTANT_CONVERSION = YES;
				CLANG_WARN_DIRECT_OBJC_ISA_USAGE = YES_ERROR;
				CLANG_WARN_EMPTY_BODY = YES;
				CLANG_WARN_ENUM_CONVERSION = YES;
				CLANG_WARN_INT_CONVERSION = YES;
				CLANG_WARN_OBJC_ROOT_CLASS = YES_ERROR;
				CLANG_WARN__DUPLICATE_METHOD_MATCH = YES;
				"CODE_SIGN_IDENTITY[sdk=iphoneos*]" = "iPhone Developer";
				COPY_PHASE_STRIP = NO;
				GCC_C_LANGUAGE_STANDARD = gnu99;
				GCC_DYNAMIC_NO_PIC = NO;
				GCC_OPTIMIZATION_LEVEL = 0;
				GCC_PREPROCESSOR_DEFINITIONS = (
					"DEBUG=1",
					"$(inherited)",
				);
				GCC_SYMBOLS_PRIVATE_EXTERN = NO;
				GCC_WARN_64_TO_32_BIT_CONVERSION = YES;
				GCC_WARN_ABOUT_RETURN_TYPE = YES_ERROR;
				GCC_WARN_UNDECLARED_SELECTOR = YES;
				GCC_WARN_UNINITIALIZED_AUTOS = YES_AGGRESSIVE;
				GCC_WARN_UNUSED_FUNCTION = YES;
				GCC_WARN_UNUSED_VARIABLE = YES;
				IPHONEOS_DEPLOYMENT_TARGET = 6.1;
				ONLY_ACTIVE_ARCH = YES;
				SDKROOT = iphoneos;
			};
			name = Debug;
		};
		31229181194065E900E81937 /* Release */ = {
			isa = XCBuildConfiguration;
			buildSettings = {
				ALWAYS_SEARCH_USER_PATHS = NO;
				CLANG_CXX_LANGUAGE_STANDARD = "gnu++0x";
				CLANG_CXX_LIBRARY = "libc++";
				CLANG_ENABLE_MODULES = YES;
				CLANG_ENABLE_OBJC_ARC = YES;
				CLANG_WARN_BOOL_CONVERSION = YES;
				CLANG_WARN_CONSTANT_CONVERSION = YES;
				CLANG_WARN_DIRECT_OBJC_ISA_USAGE = YES_ERROR;
				CLANG_WARN_EMPTY_BODY = YES;
				CLANG_WARN_ENUM_CONVERSION = YES;
				CLANG_WARN_INT_CONVERSION = YES;
				CLANG_WARN_OBJC_ROOT_CLASS = YES_ERROR;
				CLANG_WARN__DUPLICATE_METHOD_MATCH = YES;
				"CODE_SIGN_IDENTITY[sdk=iphoneos*]" = "iPhone Developer";
				COPY_PHASE_STRIP = YES;
				ENABLE_NS_ASSERTIONS = NO;
				GCC_C_LANGUAGE_STANDARD = gnu99;
				GCC_WARN_64_TO_32_BIT_CONVERSION = YES;
				GCC_WARN_ABOUT_RETURN_TYPE = YES_ERROR;
				GCC_WARN_UNDECLARED_SELECTOR = YES;
				GCC_WARN_UNINITIALIZED_AUTOS = YES_AGGRESSIVE;
				GCC_WARN_UNUSED_FUNCTION = YES;
				GCC_WARN_UNUSED_VARIABLE = YES;
				IPHONEOS_DEPLOYMENT_TARGET = 6.1;
				SDKROOT = iphoneos;
				VALIDATE_PRODUCT = YES;
			};
			name = Release;
		};
		31229183194065E900E81937 /* Debug */ = {
			isa = XCBuildConfiguration;
			buildSettings = {
				ASSETCATALOG_COMPILER_APPICON_NAME = AppIcon;
				ASSETCATALOG_COMPILER_LAUNCHIMAGE_NAME = LaunchImage;
				"CODE_SIGN_IDENTITY[sdk=iphoneos*]" = "iPhone Developer: 臻 王 (Q9947633KK)";
				GCC_PRECOMPILE_PREFIX_HEADER = YES;
				GCC_PREFIX_HEADER = "ShareTimes/ShareTimes-Prefix.pch";
				INFOPLIST_FILE = "ShareTimes/ShareTimes-Info.plist";
				IPHONEOS_DEPLOYMENT_TARGET = 6.1;
				PRODUCT_NAME = "$(TARGET_NAME)";
				PROVISIONING_PROFILE = "96FC8A2C-EDF1-4402-A396-045E889D7141";
				WRAPPER_EXTENSION = app;
			};
			name = Debug;
		};
		31229184194065E900E81937 /* Release */ = {
			isa = XCBuildConfiguration;
			buildSettings = {
				ASSETCATALOG_COMPILER_APPICON_NAME = AppIcon;
				ASSETCATALOG_COMPILER_LAUNCHIMAGE_NAME = LaunchImage;
				GCC_PRECOMPILE_PREFIX_HEADER = YES;
				GCC_PREFIX_HEADER = "ShareTimes/ShareTimes-Prefix.pch";
				INFOPLIST_FILE = "ShareTimes/ShareTimes-Info.plist";
				IPHONEOS_DEPLOYMENT_TARGET = 6.1;
				PRODUCT_NAME = "$(TARGET_NAME)";
				PROVISIONING_PROFILE = "96FC8A2C-EDF1-4402-A396-045E889D7141";
				WRAPPER_EXTENSION = app;
			};
			name = Release;
		};
		31229186194065E900E81937 /* Debug */ = {
			isa = XCBuildConfiguration;
			buildSettings = {
				BUNDLE_LOADER = "$(BUILT_PRODUCTS_DIR)/ShareTimes.app/ShareTimes";
				FRAMEWORK_SEARCH_PATHS = (
					"$(SDKROOT)/Developer/Library/Frameworks",
					"$(inherited)",
					"$(DEVELOPER_FRAMEWORKS_DIR)",
				);
				GCC_PRECOMPILE_PREFIX_HEADER = YES;
				GCC_PREFIX_HEADER = "ShareTimes/ShareTimes-Prefix.pch";
				GCC_PREPROCESSOR_DEFINITIONS = (
					"DEBUG=1",
					"$(inherited)",
				);
				INFOPLIST_FILE = "ShareTimesTests/ShareTimesTests-Info.plist";
				PRODUCT_NAME = "$(TARGET_NAME)";
				TEST_HOST = "$(BUNDLE_LOADER)";
				WRAPPER_EXTENSION = xctest;
			};
			name = Debug;
		};
		31229187194065E900E81937 /* Release */ = {
			isa = XCBuildConfiguration;
			buildSettings = {
				BUNDLE_LOADER = "$(BUILT_PRODUCTS_DIR)/ShareTimes.app/ShareTimes";
				FRAMEWORK_SEARCH_PATHS = (
					"$(SDKROOT)/Developer/Library/Frameworks",
					"$(inherited)",
					"$(DEVELOPER_FRAMEWORKS_DIR)",
				);
				GCC_PRECOMPILE_PREFIX_HEADER = YES;
				GCC_PREFIX_HEADER = "ShareTimes/ShareTimes-Prefix.pch";
				INFOPLIST_FILE = "ShareTimesTests/ShareTimesTests-Info.plist";
				PRODUCT_NAME = "$(TARGET_NAME)";
				TEST_HOST = "$(BUNDLE_LOADER)";
				WRAPPER_EXTENSION = xctest;
			};
			name = Release;
		};
/* End XCBuildConfiguration section */

/* Begin XCConfigurationList section */
		31229151194065E900E81937 /* Build configuration list for PBXProject "ShareTimes" */ = {
			isa = XCConfigurationList;
			buildConfigurations = (
				31229180194065E900E81937 /* Debug */,
				31229181194065E900E81937 /* Release */,
			);
			defaultConfigurationIsVisible = 0;
			defaultConfigurationName = Release;
		};
		31229182194065E900E81937 /* Build configuration list for PBXNativeTarget "ShareTimes" */ = {
			isa = XCConfigurationList;
			buildConfigurations = (
				31229183194065E900E81937 /* Debug */,
				31229184194065E900E81937 /* Release */,
			);
			defaultConfigurationIsVisible = 0;
			defaultConfigurationName = Release;
		};
		31229185194065E900E81937 /* Build configuration list for PBXNativeTarget "ShareTimesTests" */ = {
			isa = XCConfigurationList;
			buildConfigurations = (
				31229186194065E900E81937 /* Debug */,
				31229187194065E900E81937 /* Release */,
			);
			defaultConfigurationIsVisible = 0;
			defaultConfigurationName = Release;
		};
/* End XCConfigurationList section */
	};
	rootObject = 3122914E194065E900E81937 /* Project object */;
}
